// !$*UTF8*$!
{
	archiveVersion = 1;
	classes = {
	};
	objectVersion = 52;
	objects = {

/* Begin PBXBuildFile section */
		17EEA6E68486C94B3FF50A04 /* Pods_EventsApplicationUITests.framework in Frameworks */ = {isa = PBXBuildFile; fileRef = 75A050619A96C1E69E44BAFD /* Pods_EventsApplicationUITests.framework */; };
		1A3266DA2254054D004F35A0 /* RequestKeysProtocol.swift in Sources */ = {isa = PBXBuildFile; fileRef = 1A3266D92254054D004F35A0 /* RequestKeysProtocol.swift */; };
		1A3F1A0D224D1D3A008B1486 /* ArticleCell.xib in Resources */ = {isa = PBXBuildFile; fileRef = 1A3F1A0C224D1D3A008B1486 /* ArticleCell.xib */; };
		1A3F1A11224D2B77008B1486 /* BaseArticleController.swift in Sources */ = {isa = PBXBuildFile; fileRef = 1A3F1A10224D2B77008B1486 /* BaseArticleController.swift */; };
		1A3F1A15224D34F9008B1486 /* SourcesCell.xib in Resources */ = {isa = PBXBuildFile; fileRef = 1A3F1A14224D34F9008B1486 /* SourcesCell.xib */; };
		1A3F1A17224D3690008B1486 /* SourcesCell.swift in Sources */ = {isa = PBXBuildFile; fileRef = 1A3F1A16224D3690008B1486 /* SourcesCell.swift */; };
		1A3F1A19224D3827008B1486 /* BaseSourcesViewController.swift in Sources */ = {isa = PBXBuildFile; fileRef = 1A3F1A18224D3827008B1486 /* BaseSourcesViewController.swift */; };
		1A3F1A1E224D413B008B1486 /* EmptyView.swift in Sources */ = {isa = PBXBuildFile; fileRef = 1A3F1A1D224D413B008B1486 /* EmptyView.swift */; };
		1A611C0B224ADF7C008E9D14 /* Sources.swift in Sources */ = {isa = PBXBuildFile; fileRef = 1A611C0A224ADF7C008E9D14 /* Sources.swift */; };
		1A611C0D224ADFCD008E9D14 /* Json4Swift_Base.swift in Sources */ = {isa = PBXBuildFile; fileRef = 1A611C0C224ADFCD008E9D14 /* Json4Swift_Base.swift */; };
		1A611C0F224ADFEF008E9D14 /* Articles.swift in Sources */ = {isa = PBXBuildFile; fileRef = 1A611C0E224ADFEF008E9D14 /* Articles.swift */; };
		1A611C11224AE08B008E9D14 /* Source.swift in Sources */ = {isa = PBXBuildFile; fileRef = 1A611C10224AE08B008E9D14 /* Source.swift */; };
		1A69B9C4224F65EA00DD811C /* DateTimeUtil.swift in Sources */ = {isa = PBXBuildFile; fileRef = 1A69B9C3224F65EA00DD811C /* DateTimeUtil.swift */; };
		1A75A84D224C3BC70033C852 /* ArticleCell.swift in Sources */ = {isa = PBXBuildFile; fileRef = 1A75A84C224C3BC70033C852 /* ArticleCell.swift */; };
		1A75A84F224C45890033C852 /* DialogHelper.swift in Sources */ = {isa = PBXBuildFile; fileRef = 1A75A84E224C45890033C852 /* DialogHelper.swift */; };
		1A918BAC224971C400D34DCE /* ValueForSelector.swift in Sources */ = {isa = PBXBuildFile; fileRef = 1A918BAB224971C400D34DCE /* ValueForSelector.swift */; };
		1A918BAF22497E8D00D34DCE /* AuthUtil.swift in Sources */ = {isa = PBXBuildFile; fileRef = 1A918BAE22497E8D00D34DCE /* AuthUtil.swift */; };
		1AB264E82265047700D298F4 /* Repository.swift in Sources */ = {isa = PBXBuildFile; fileRef = 1AB264E72265047700D298F4 /* Repository.swift */; };
		1AB264EA2265048F00D298F4 /* RepositoryImpl.swift in Sources */ = {isa = PBXBuildFile; fileRef = 1AB264E92265048F00D298F4 /* RepositoryImpl.swift */; };
		1AF3B80A2226D911004FA784 /* MockNetworkTester.swift in Sources */ = {isa = PBXBuildFile; fileRef = 1AF3B8092226D911004FA784 /* MockNetworkTester.swift */; };
		5142D2325929E234439D3E1E /* Pods_EventsApplication.framework in Frameworks */ = {isa = PBXBuildFile; fileRef = 14362051047C402913B017BC /* Pods_EventsApplication.framework */; };
		9B11D179221EDB2500BFEBD4 /* NetworkServiceRx.swift in Sources */ = {isa = PBXBuildFile; fileRef = 9B11D177221EDB2500BFEBD4 /* NetworkServiceRx.swift */; };
		9B11D17A221EDB2500BFEBD4 /* UrlRouter.swift in Sources */ = {isa = PBXBuildFile; fileRef = 9B11D178221EDB2500BFEBD4 /* UrlRouter.swift */; };
		9B1C2AE5225F37DF002CEF80 /* BaseTableViewController.swift in Sources */ = {isa = PBXBuildFile; fileRef = 9B1C2AE4225F37DF002CEF80 /* BaseTableViewController.swift */; };
		9B50C465225231F100C720E7 /* UISearchDialog.swift in Sources */ = {isa = PBXBuildFile; fileRef = 9B50C464225231F100C720E7 /* UISearchDialog.swift */; };
		9B56312B224B62FB005B41A6 /* HeaderContract.swift in Sources */ = {isa = PBXBuildFile; fileRef = 9B56312A224B62FB005B41A6 /* HeaderContract.swift */; };
		9B56312F224B64B9005B41A6 /* HeaderPresenterImpl.swift in Sources */ = {isa = PBXBuildFile; fileRef = 9B56312E224B64B9005B41A6 /* HeaderPresenterImpl.swift */; };
		9B56313B224B6CD6005B41A6 /* Headers.storyboard in Resources */ = {isa = PBXBuildFile; fileRef = 9B56313A224B6CD6005B41A6 /* Headers.storyboard */; };
		9B56313D224B6D11005B41A6 /* Everything.storyboard in Resources */ = {isa = PBXBuildFile; fileRef = 9B56313C224B6D11005B41A6 /* Everything.storyboard */; };
		9B56313F224B6D32005B41A6 /* Sources.storyboard in Resources */ = {isa = PBXBuildFile; fileRef = 9B56313E224B6D32005B41A6 /* Sources.storyboard */; };
		9B563146224B73BA005B41A6 /* EverythingCreator.swift in Sources */ = {isa = PBXBuildFile; fileRef = 9B563145224B73BA005B41A6 /* EverythingCreator.swift */; };
		9B563148224B73EE005B41A6 /* SourcesCreator.swift in Sources */ = {isa = PBXBuildFile; fileRef = 9B563147224B73EE005B41A6 /* SourcesCreator.swift */; };
		9B56314A224B7435005B41A6 /* HeaderViewController.swift in Sources */ = {isa = PBXBuildFile; fileRef = 9B563149224B7435005B41A6 /* HeaderViewController.swift */; };
		9B56314C224B74A3005B41A6 /* HeadersInteractorImpl.swift in Sources */ = {isa = PBXBuildFile; fileRef = 9B56314B224B74A3005B41A6 /* HeadersInteractorImpl.swift */; };
		9B56314E224B7512005B41A6 /* EverythingViewController.swift in Sources */ = {isa = PBXBuildFile; fileRef = 9B56314D224B7512005B41A6 /* EverythingViewController.swift */; };
		9B563150224B7579005B41A6 /* EverythingPresenterImpl.swift in Sources */ = {isa = PBXBuildFile; fileRef = 9B56314F224B7579005B41A6 /* EverythingPresenterImpl.swift */; };
		9B563152224B75BB005B41A6 /* EverythingContract.swift in Sources */ = {isa = PBXBuildFile; fileRef = 9B563151224B75BB005B41A6 /* EverythingContract.swift */; };
		9B563154224B75F5005B41A6 /* EverythingInteractorImpl.swift in Sources */ = {isa = PBXBuildFile; fileRef = 9B563153224B75F5005B41A6 /* EverythingInteractorImpl.swift */; };
		9B563156224B764B005B41A6 /* SourceViewController.swift in Sources */ = {isa = PBXBuildFile; fileRef = 9B563155224B764B005B41A6 /* SourceViewController.swift */; };
		9B563158224B7672005B41A6 /* SourcesContract.swift in Sources */ = {isa = PBXBuildFile; fileRef = 9B563157224B7672005B41A6 /* SourcesContract.swift */; };
		9B56315A224B769E005B41A6 /* SourcesPresenterImpl.swift in Sources */ = {isa = PBXBuildFile; fileRef = 9B563159224B769E005B41A6 /* SourcesPresenterImpl.swift */; };
		9B56315C224B76C4005B41A6 /* SourcesInteractorImpl.swift in Sources */ = {isa = PBXBuildFile; fileRef = 9B56315B224B76C4005B41A6 /* SourcesInteractorImpl.swift */; };
		9B56315F224B7C95005B41A6 /* HeaderCreator.swift in Sources */ = {isa = PBXBuildFile; fileRef = 9B56315E224B7C95005B41A6 /* HeaderCreator.swift */; };
		9B5E70F4225F260100363A35 /* Extension.swift in Sources */ = {isa = PBXBuildFile; fileRef = 9B5E70F3225F260100363A35 /* Extension.swift */; };
		9B67F39E2267012C004402FB /* LocalStorage.swift in Sources */ = {isa = PBXBuildFile; fileRef = 9B67F39D2267012C004402FB /* LocalStorage.swift */; };
		9B67F3A022672B2B004402FB /* Replacible.swift in Sources */ = {isa = PBXBuildFile; fileRef = 9B67F39F22672B2B004402FB /* Replacible.swift */; };
		9B67F3A22267489B004402FB /* CountryUtil.swift in Sources */ = {isa = PBXBuildFile; fileRef = 9B67F3A12267489B004402FB /* CountryUtil.swift */; };
		9B6FB7B8225B830C00439F98 /* ColorTheme.xcassets in Resources */ = {isa = PBXBuildFile; fileRef = 9B6FB7B7225B830C00439F98 /* ColorTheme.xcassets */; };
		9B78182F2266161A00C0E4ED /* NewsModel.xcdatamodeld in Sources */ = {isa = PBXBuildFile; fileRef = 9B78182D2266161A00C0E4ED /* NewsModel.xcdatamodeld */; };
		9B78808B224A13F600F7231A /* RootInteractorImpl.swift in Sources */ = {isa = PBXBuildFile; fileRef = 9B78808A224A13F600F7231A /* RootInteractorImpl.swift */; };
		9B78808E224A144700F7231A /* RootPresenterImpl.swift in Sources */ = {isa = PBXBuildFile; fileRef = 9B78808D224A144700F7231A /* RootPresenterImpl.swift */; };
		9B788091224A149500F7231A /* RootCreator.swift in Sources */ = {isa = PBXBuildFile; fileRef = 9B788090224A149500F7231A /* RootCreator.swift */; };
		9B788094224A14C600F7231A /* RootContract.swift in Sources */ = {isa = PBXBuildFile; fileRef = 9B788093224A14C600F7231A /* RootContract.swift */; };
		9B788097224A14F000F7231A /* RootViewController.swift in Sources */ = {isa = PBXBuildFile; fileRef = 9B788096224A14F000F7231A /* RootViewController.swift */; };
		9B788099224A151000F7231A /* Root.storyboard in Resources */ = {isa = PBXBuildFile; fileRef = 9B788098224A151000F7231A /* Root.storyboard */; };
		9B966244221ED556008C512D /* BaseCreator.swift in Sources */ = {isa = PBXBuildFile; fileRef = 9B966243221ED556008C512D /* BaseCreator.swift */; };
		9B966247221ED5B7008C512D /* ApplicationNavigator.swift in Sources */ = {isa = PBXBuildFile; fileRef = 9B966246221ED5B7008C512D /* ApplicationNavigator.swift */; };
		9B9AB2A522648F2A00712530 /* BaseDialogViewController.swift in Sources */ = {isa = PBXBuildFile; fileRef = 9B9AB2A422648F2A00712530 /* BaseDialogViewController.swift */; };
		9B9EB5A32251E94A00570C37 /* UISelectionDialog.swift in Sources */ = {isa = PBXBuildFile; fileRef = 9B9EB5A22251E94A00570C37 /* UISelectionDialog.swift */; };
		9BB5C1FC225F60AB0006A74E /* Localizable.strings in Resources */ = {isa = PBXBuildFile; fileRef = 9BB5C1FE225F60AB0006A74E /* Localizable.strings */; };
		9BB5C200225F6D960006A74E /* SearchDialog.storyboard in Resources */ = {isa = PBXBuildFile; fileRef = 9BB5C202225F6D960006A74E /* SearchDialog.storyboard */; };
		9BB5C205225F6E1A0006A74E /* SelectionDialog.storyboard in Resources */ = {isa = PBXBuildFile; fileRef = 9BB5C207225F6E1A0006A74E /* SelectionDialog.storyboard */; };
		9BB5C217225F72CE0006A74E /* EmptyView.xib in Resources */ = {isa = PBXBuildFile; fileRef = 9BB5C219225F72CE0006A74E /* EmptyView.xib */; };
		9BB5C21E225F74440006A74E /* InfoPlist.strings in Resources */ = {isa = PBXBuildFile; fileRef = 9BB5C220225F74440006A74E /* InfoPlist.strings */; };
		9BEB17F8221C05CE003F8C9A /* AppDelegate.swift in Sources */ = {isa = PBXBuildFile; fileRef = 9BEB17F7221C05CE003F8C9A /* AppDelegate.swift */; };
		9BEB17FF221C05CF003F8C9A /* Assets.xcassets in Resources */ = {isa = PBXBuildFile; fileRef = 9BEB17FE221C05CF003F8C9A /* Assets.xcassets */; };
		9BEB1802221C05CF003F8C9A /* LaunchScreen.storyboard in Resources */ = {isa = PBXBuildFile; fileRef = 9BEB1800221C05CF003F8C9A /* LaunchScreen.storyboard */; };
		9BEB180D221C05D0003F8C9A /* EventsApplicationTests.swift in Sources */ = {isa = PBXBuildFile; fileRef = 9BEB180C221C05D0003F8C9A /* EventsApplicationTests.swift */; };
		9BEB1818221C05D0003F8C9A /* EventsApplicationUITests.swift in Sources */ = {isa = PBXBuildFile; fileRef = 9BEB1817221C05D0003F8C9A /* EventsApplicationUITests.swift */; };
		ED67A320289BCC3C009AFA4C /* DetailSourcePresenter.swift in Sources */ = {isa = PBXBuildFile; fileRef = ED67A31F289BCC3C009AFA4C /* DetailSourcePresenter.swift */; };
		ED67A323289C3177009AFA4C /* DetailSourceViewController.swift in Sources */ = {isa = PBXBuildFile; fileRef = ED67A321289C3177009AFA4C /* DetailSourceViewController.swift */; };
		ED67A324289C3177009AFA4C /* DetailSourceViewController.xib in Resources */ = {isa = PBXBuildFile; fileRef = ED67A322289C3177009AFA4C /* DetailSourceViewController.xib */; };
		ED67A328289C448D009AFA4C /* DetailCategoryCell.swift in Sources */ = {isa = PBXBuildFile; fileRef = ED67A326289C448D009AFA4C /* DetailCategoryCell.swift */; };
		ED67A329289C448D009AFA4C /* DetailCategoryCell.xib in Resources */ = {isa = PBXBuildFile; fileRef = ED67A327289C448D009AFA4C /* DetailCategoryCell.xib */; };
		ED67A32B289C449E009AFA4C /* DetailCategoryCellModel.swift in Sources */ = {isa = PBXBuildFile; fileRef = ED67A32A289C449E009AFA4C /* DetailCategoryCellModel.swift */; };
		ED67A32E289C4FA0009AFA4C /* Alamofire in Frameworks */ = {isa = PBXBuildFile; productRef = ED67A32D289C4FA0009AFA4C /* Alamofire */; };
		ED67A330289C5657009AFA4C /* AnimationController.swift in Sources */ = {isa = PBXBuildFile; fileRef = ED67A32F289C5657009AFA4C /* AnimationController.swift */; };
		EDD2B16C289ADFDA004DAC2D /* DetailViewController.swift in Sources */ = {isa = PBXBuildFile; fileRef = EDD2B16A289ADFDA004DAC2D /* DetailViewController.swift */; };
		EDD2B16D289ADFDA004DAC2D /* DetailViewController.xib in Resources */ = {isa = PBXBuildFile; fileRef = EDD2B16B289ADFDA004DAC2D /* DetailViewController.xib */; };
		EDD2B16F289ADFE8004DAC2D /* DetailPresenter.swift in Sources */ = {isa = PBXBuildFile; fileRef = EDD2B16E289ADFE8004DAC2D /* DetailPresenter.swift */; };
		EDD2B171289ADFF7004DAC2D /* DetailDataSource.swift in Sources */ = {isa = PBXBuildFile; fileRef = EDD2B170289ADFF7004DAC2D /* DetailDataSource.swift */; };
		EDD2B178289B0CD2004DAC2D /* DetailImageCellTableViewCell.swift in Sources */ = {isa = PBXBuildFile; fileRef = EDD2B176289B0CD2004DAC2D /* DetailImageCellTableViewCell.swift */; };
		EDD2B179289B0CD2004DAC2D /* DetailImageCellTableViewCell.xib in Resources */ = {isa = PBXBuildFile; fileRef = EDD2B177289B0CD2004DAC2D /* DetailImageCellTableViewCell.xib */; };
		EDD2B17B289B0CE3004DAC2D /* DetailImageCellModel.swift in Sources */ = {isa = PBXBuildFile; fileRef = EDD2B17A289B0CE3004DAC2D /* DetailImageCellModel.swift */; };
		EDD2B17F289B2CDF004DAC2D /* DetailTransparentCell.swift in Sources */ = {isa = PBXBuildFile; fileRef = EDD2B17D289B2CDF004DAC2D /* DetailTransparentCell.swift */; };
		EDD2B180289B2CDF004DAC2D /* DetailTransparentCell.xib in Resources */ = {isa = PBXBuildFile; fileRef = EDD2B17E289B2CDF004DAC2D /* DetailTransparentCell.xib */; };
		EDD2B182289B2CF0004DAC2D /* DetailTransparentCellModel.swift in Sources */ = {isa = PBXBuildFile; fileRef = EDD2B181289B2CF0004DAC2D /* DetailTransparentCellModel.swift */; };
		EDD2B186289B378A004DAC2D /* DetailAccentCell.swift in Sources */ = {isa = PBXBuildFile; fileRef = EDD2B184289B378A004DAC2D /* DetailAccentCell.swift */; };
		EDD2B187289B378A004DAC2D /* DetailAccentCell.xib in Resources */ = {isa = PBXBuildFile; fileRef = EDD2B185289B378A004DAC2D /* DetailAccentCell.xib */; };
		EDD2B189289B379D004DAC2D /* DetailAccentCellModel.swift in Sources */ = {isa = PBXBuildFile; fileRef = EDD2B188289B379D004DAC2D /* DetailAccentCellModel.swift */; };
		EDD2B18D289B3A5C004DAC2D /* DetailUrlCell.swift in Sources */ = {isa = PBXBuildFile; fileRef = EDD2B18B289B3A5C004DAC2D /* DetailUrlCell.swift */; };
		EDD2B18E289B3A5C004DAC2D /* DetailUrlCell.xib in Resources */ = {isa = PBXBuildFile; fileRef = EDD2B18C289B3A5C004DAC2D /* DetailUrlCell.xib */; };
		EDD2B190289B3A6F004DAC2D /* DetailUrlCellModel.swift in Sources */ = {isa = PBXBuildFile; fileRef = EDD2B18F289B3A6F004DAC2D /* DetailUrlCellModel.swift */; };
		EDD2B194289B3F44004DAC2D /* DetailAuthorCell.swift in Sources */ = {isa = PBXBuildFile; fileRef = EDD2B192289B3F44004DAC2D /* DetailAuthorCell.swift */; };
		EDD2B195289B3F44004DAC2D /* DetailAuthorCell.xib in Resources */ = {isa = PBXBuildFile; fileRef = EDD2B193289B3F44004DAC2D /* DetailAuthorCell.xib */; };
		EDD2B197289B3F5F004DAC2D /* DetailAuthorCellModel.swift in Sources */ = {isa = PBXBuildFile; fileRef = EDD2B196289B3F5F004DAC2D /* DetailAuthorCellModel.swift */; };
/* End PBXBuildFile section */

/* Begin PBXContainerItemProxy section */
		9BEB1809221C05D0003F8C9A /* PBXContainerItemProxy */ = {
			isa = PBXContainerItemProxy;
			containerPortal = 9BEB17EC221C05CE003F8C9A /* Project object */;
			proxyType = 1;
			remoteGlobalIDString = 9BEB17F3221C05CE003F8C9A;
			remoteInfo = EventsApplication;
		};
		9BEB1814221C05D0003F8C9A /* PBXContainerItemProxy */ = {
			isa = PBXContainerItemProxy;
			containerPortal = 9BEB17EC221C05CE003F8C9A /* Project object */;
			proxyType = 1;
			remoteGlobalIDString = 9BEB17F3221C05CE003F8C9A;
			remoteInfo = EventsApplication;
		};
/* End PBXContainerItemProxy section */

/* Begin PBXFileReference section */
		14362051047C402913B017BC /* Pods_EventsApplication.framework */ = {isa = PBXFileReference; explicitFileType = wrapper.framework; includeInIndex = 0; path = Pods_EventsApplication.framework; sourceTree = BUILT_PRODUCTS_DIR; };
		1A3266D92254054D004F35A0 /* RequestKeysProtocol.swift */ = {isa = PBXFileReference; lastKnownFileType = sourcecode.swift; path = RequestKeysProtocol.swift; sourceTree = "<group>"; };
		1A3F1A0C224D1D3A008B1486 /* ArticleCell.xib */ = {isa = PBXFileReference; lastKnownFileType = file.xib; path = ArticleCell.xib; sourceTree = "<group>"; };
		1A3F1A10224D2B77008B1486 /* BaseArticleController.swift */ = {isa = PBXFileReference; lastKnownFileType = sourcecode.swift; path = BaseArticleController.swift; sourceTree = "<group>"; };
		1A3F1A14224D34F9008B1486 /* SourcesCell.xib */ = {isa = PBXFileReference; lastKnownFileType = file.xib; path = SourcesCell.xib; sourceTree = "<group>"; };
		1A3F1A16224D3690008B1486 /* SourcesCell.swift */ = {isa = PBXFileReference; lastKnownFileType = sourcecode.swift; path = SourcesCell.swift; sourceTree = "<group>"; };
		1A3F1A18224D3827008B1486 /* BaseSourcesViewController.swift */ = {isa = PBXFileReference; lastKnownFileType = sourcecode.swift; path = BaseSourcesViewController.swift; sourceTree = "<group>"; };
		1A3F1A1D224D413B008B1486 /* EmptyView.swift */ = {isa = PBXFileReference; lastKnownFileType = sourcecode.swift; path = EmptyView.swift; sourceTree = "<group>"; };
		1A611C0A224ADF7C008E9D14 /* Sources.swift */ = {isa = PBXFileReference; lastKnownFileType = sourcecode.swift; path = Sources.swift; sourceTree = "<group>"; };
		1A611C0C224ADFCD008E9D14 /* Json4Swift_Base.swift */ = {isa = PBXFileReference; lastKnownFileType = sourcecode.swift; path = Json4Swift_Base.swift; sourceTree = "<group>"; };
		1A611C0E224ADFEF008E9D14 /* Articles.swift */ = {isa = PBXFileReference; lastKnownFileType = sourcecode.swift; path = Articles.swift; sourceTree = "<group>"; };
		1A611C10224AE08B008E9D14 /* Source.swift */ = {isa = PBXFileReference; lastKnownFileType = sourcecode.swift; path = Source.swift; sourceTree = "<group>"; };
		1A69B9C3224F65EA00DD811C /* DateTimeUtil.swift */ = {isa = PBXFileReference; lastKnownFileType = sourcecode.swift; path = DateTimeUtil.swift; sourceTree = "<group>"; };
		1A75A84C224C3BC70033C852 /* ArticleCell.swift */ = {isa = PBXFileReference; lastKnownFileType = sourcecode.swift; path = ArticleCell.swift; sourceTree = "<group>"; };
		1A75A84E224C45890033C852 /* DialogHelper.swift */ = {isa = PBXFileReference; lastKnownFileType = sourcecode.swift; path = DialogHelper.swift; sourceTree = "<group>"; };
		1A918BAB224971C400D34DCE /* ValueForSelector.swift */ = {isa = PBXFileReference; lastKnownFileType = sourcecode.swift; path = ValueForSelector.swift; sourceTree = "<group>"; };
		1A918BAE22497E8D00D34DCE /* AuthUtil.swift */ = {isa = PBXFileReference; lastKnownFileType = sourcecode.swift; path = AuthUtil.swift; sourceTree = "<group>"; };
		1AB264E72265047700D298F4 /* Repository.swift */ = {isa = PBXFileReference; lastKnownFileType = sourcecode.swift; path = Repository.swift; sourceTree = "<group>"; };
		1AB264E92265048F00D298F4 /* RepositoryImpl.swift */ = {isa = PBXFileReference; lastKnownFileType = sourcecode.swift; path = RepositoryImpl.swift; sourceTree = "<group>"; };
		1AF3B8092226D911004FA784 /* MockNetworkTester.swift */ = {isa = PBXFileReference; lastKnownFileType = sourcecode.swift; path = MockNetworkTester.swift; sourceTree = "<group>"; };
		690FACA11737355C05F058FD /* Pods-EventsApplication.release.xcconfig */ = {isa = PBXFileReference; includeInIndex = 1; lastKnownFileType = text.xcconfig; name = "Pods-EventsApplication.release.xcconfig"; path = "Pods/Target Support Files/Pods-EventsApplication/Pods-EventsApplication.release.xcconfig"; sourceTree = "<group>"; };
		6D4849D14C4D55568CB3C967 /* Pods-EventsApplicationUITests.release.xcconfig */ = {isa = PBXFileReference; includeInIndex = 1; lastKnownFileType = text.xcconfig; name = "Pods-EventsApplicationUITests.release.xcconfig"; path = "Pods/Target Support Files/Pods-EventsApplicationUITests/Pods-EventsApplicationUITests.release.xcconfig"; sourceTree = "<group>"; };
		75A050619A96C1E69E44BAFD /* Pods_EventsApplicationUITests.framework */ = {isa = PBXFileReference; explicitFileType = wrapper.framework; includeInIndex = 0; path = Pods_EventsApplicationUITests.framework; sourceTree = BUILT_PRODUCTS_DIR; };
		9B11D177221EDB2500BFEBD4 /* NetworkServiceRx.swift */ = {isa = PBXFileReference; fileEncoding = 4; lastKnownFileType = sourcecode.swift; path = NetworkServiceRx.swift; sourceTree = "<group>"; };
		9B11D178221EDB2500BFEBD4 /* UrlRouter.swift */ = {isa = PBXFileReference; fileEncoding = 4; lastKnownFileType = sourcecode.swift; path = UrlRouter.swift; sourceTree = "<group>"; };
		9B1C2AE4225F37DF002CEF80 /* BaseTableViewController.swift */ = {isa = PBXFileReference; lastKnownFileType = sourcecode.swift; path = BaseTableViewController.swift; sourceTree = "<group>"; };
		9B50C464225231F100C720E7 /* UISearchDialog.swift */ = {isa = PBXFileReference; lastKnownFileType = sourcecode.swift; path = UISearchDialog.swift; sourceTree = "<group>"; };
		9B56312A224B62FB005B41A6 /* HeaderContract.swift */ = {isa = PBXFileReference; lastKnownFileType = sourcecode.swift; path = HeaderContract.swift; sourceTree = "<group>"; };
		9B56312E224B64B9005B41A6 /* HeaderPresenterImpl.swift */ = {isa = PBXFileReference; lastKnownFileType = sourcecode.swift; path = HeaderPresenterImpl.swift; sourceTree = "<group>"; };
		9B56313A224B6CD6005B41A6 /* Headers.storyboard */ = {isa = PBXFileReference; lastKnownFileType = file.storyboard; path = Headers.storyboard; sourceTree = "<group>"; };
		9B56313C224B6D11005B41A6 /* Everything.storyboard */ = {isa = PBXFileReference; lastKnownFileType = file.storyboard; path = Everything.storyboard; sourceTree = "<group>"; };
		9B56313E224B6D32005B41A6 /* Sources.storyboard */ = {isa = PBXFileReference; lastKnownFileType = file.storyboard; path = Sources.storyboard; sourceTree = "<group>"; };
		9B563145224B73BA005B41A6 /* EverythingCreator.swift */ = {isa = PBXFileReference; lastKnownFileType = sourcecode.swift; path = EverythingCreator.swift; sourceTree = "<group>"; };
		9B563147224B73EE005B41A6 /* SourcesCreator.swift */ = {isa = PBXFileReference; lastKnownFileType = sourcecode.swift; path = SourcesCreator.swift; sourceTree = "<group>"; };
		9B563149224B7435005B41A6 /* HeaderViewController.swift */ = {isa = PBXFileReference; lastKnownFileType = sourcecode.swift; path = HeaderViewController.swift; sourceTree = "<group>"; };
		9B56314B224B74A3005B41A6 /* HeadersInteractorImpl.swift */ = {isa = PBXFileReference; lastKnownFileType = sourcecode.swift; path = HeadersInteractorImpl.swift; sourceTree = "<group>"; };
		9B56314D224B7512005B41A6 /* EverythingViewController.swift */ = {isa = PBXFileReference; lastKnownFileType = sourcecode.swift; path = EverythingViewController.swift; sourceTree = "<group>"; };
		9B56314F224B7579005B41A6 /* EverythingPresenterImpl.swift */ = {isa = PBXFileReference; lastKnownFileType = sourcecode.swift; path = EverythingPresenterImpl.swift; sourceTree = "<group>"; };
		9B563151224B75BB005B41A6 /* EverythingContract.swift */ = {isa = PBXFileReference; lastKnownFileType = sourcecode.swift; path = EverythingContract.swift; sourceTree = "<group>"; };
		9B563153224B75F5005B41A6 /* EverythingInteractorImpl.swift */ = {isa = PBXFileReference; lastKnownFileType = sourcecode.swift; path = EverythingInteractorImpl.swift; sourceTree = "<group>"; };
		9B563155224B764B005B41A6 /* SourceViewController.swift */ = {isa = PBXFileReference; lastKnownFileType = sourcecode.swift; path = SourceViewController.swift; sourceTree = "<group>"; };
		9B563157224B7672005B41A6 /* SourcesContract.swift */ = {isa = PBXFileReference; lastKnownFileType = sourcecode.swift; path = SourcesContract.swift; sourceTree = "<group>"; };
		9B563159224B769E005B41A6 /* SourcesPresenterImpl.swift */ = {isa = PBXFileReference; lastKnownFileType = sourcecode.swift; path = SourcesPresenterImpl.swift; sourceTree = "<group>"; };
		9B56315B224B76C4005B41A6 /* SourcesInteractorImpl.swift */ = {isa = PBXFileReference; lastKnownFileType = sourcecode.swift; path = SourcesInteractorImpl.swift; sourceTree = "<group>"; };
		9B56315E224B7C95005B41A6 /* HeaderCreator.swift */ = {isa = PBXFileReference; lastKnownFileType = sourcecode.swift; path = HeaderCreator.swift; sourceTree = "<group>"; };
		9B5E70F3225F260100363A35 /* Extension.swift */ = {isa = PBXFileReference; lastKnownFileType = sourcecode.swift; path = Extension.swift; sourceTree = "<group>"; };
		9B67F39D2267012C004402FB /* LocalStorage.swift */ = {isa = PBXFileReference; lastKnownFileType = sourcecode.swift; path = LocalStorage.swift; sourceTree = "<group>"; };
		9B67F39F22672B2B004402FB /* Replacible.swift */ = {isa = PBXFileReference; lastKnownFileType = sourcecode.swift; path = Replacible.swift; sourceTree = "<group>"; };
		9B67F3A12267489B004402FB /* CountryUtil.swift */ = {isa = PBXFileReference; lastKnownFileType = sourcecode.swift; path = CountryUtil.swift; sourceTree = "<group>"; };
		9B6FB7B7225B830C00439F98 /* ColorTheme.xcassets */ = {isa = PBXFileReference; lastKnownFileType = folder.assetcatalog; path = ColorTheme.xcassets; sourceTree = "<group>"; };
		9B78182E2266161A00C0E4ED /* NewsModel.xcdatamodel */ = {isa = PBXFileReference; lastKnownFileType = wrapper.xcdatamodel; path = NewsModel.xcdatamodel; sourceTree = "<group>"; };
		9B78808A224A13F600F7231A /* RootInteractorImpl.swift */ = {isa = PBXFileReference; lastKnownFileType = sourcecode.swift; path = RootInteractorImpl.swift; sourceTree = "<group>"; };
		9B78808D224A144700F7231A /* RootPresenterImpl.swift */ = {isa = PBXFileReference; lastKnownFileType = sourcecode.swift; path = RootPresenterImpl.swift; sourceTree = "<group>"; };
		9B788090224A149500F7231A /* RootCreator.swift */ = {isa = PBXFileReference; lastKnownFileType = sourcecode.swift; path = RootCreator.swift; sourceTree = "<group>"; };
		9B788093224A14C600F7231A /* RootContract.swift */ = {isa = PBXFileReference; lastKnownFileType = sourcecode.swift; path = RootContract.swift; sourceTree = "<group>"; };
		9B788096224A14F000F7231A /* RootViewController.swift */ = {isa = PBXFileReference; lastKnownFileType = sourcecode.swift; path = RootViewController.swift; sourceTree = "<group>"; };
		9B788098224A151000F7231A /* Root.storyboard */ = {isa = PBXFileReference; lastKnownFileType = file.storyboard; path = Root.storyboard; sourceTree = "<group>"; };
		9B966243221ED556008C512D /* BaseCreator.swift */ = {isa = PBXFileReference; lastKnownFileType = sourcecode.swift; path = BaseCreator.swift; sourceTree = "<group>"; };
		9B966246221ED5B7008C512D /* ApplicationNavigator.swift */ = {isa = PBXFileReference; lastKnownFileType = sourcecode.swift; path = ApplicationNavigator.swift; sourceTree = "<group>"; };
		9B9AB2A422648F2A00712530 /* BaseDialogViewController.swift */ = {isa = PBXFileReference; lastKnownFileType = sourcecode.swift; path = BaseDialogViewController.swift; sourceTree = "<group>"; };
		9B9EB5A22251E94A00570C37 /* UISelectionDialog.swift */ = {isa = PBXFileReference; lastKnownFileType = sourcecode.swift; path = UISelectionDialog.swift; sourceTree = "<group>"; };
		9BB5C1FD225F60AB0006A74E /* ru */ = {isa = PBXFileReference; lastKnownFileType = text.plist.strings; name = ru; path = ru.lproj/Localizable.strings; sourceTree = "<group>"; };
		9BB5C1FF225F60B70006A74E /* en */ = {isa = PBXFileReference; lastKnownFileType = text.plist.strings; name = en; path = en.lproj/Localizable.strings; sourceTree = "<group>"; };
		9BB5C201225F6D960006A74E /* Base */ = {isa = PBXFileReference; lastKnownFileType = file.storyboard; name = Base; path = Base.lproj/SearchDialog.storyboard; sourceTree = "<group>"; };
		9BB5C206225F6E1A0006A74E /* Base */ = {isa = PBXFileReference; lastKnownFileType = file.storyboard; name = Base; path = Base.lproj/SelectionDialog.storyboard; sourceTree = "<group>"; };
		9BB5C209225F6E1D0006A74E /* ru */ = {isa = PBXFileReference; lastKnownFileType = text.plist.strings; name = ru; path = ru.lproj/SelectionDialog.strings; sourceTree = "<group>"; };
		9BB5C218225F72CE0006A74E /* Base */ = {isa = PBXFileReference; lastKnownFileType = file.xib; name = Base; path = Base.lproj/EmptyView.xib; sourceTree = "<group>"; };
		9BB5C21B225F72D20006A74E /* ru */ = {isa = PBXFileReference; lastKnownFileType = text.plist.strings; name = ru; path = ru.lproj/EmptyView.strings; sourceTree = "<group>"; };
		9BB5C21F225F74440006A74E /* ru */ = {isa = PBXFileReference; lastKnownFileType = text.plist.strings; name = ru; path = ru.lproj/InfoPlist.strings; sourceTree = "<group>"; };
		9BB5C221225F744F0006A74E /* en */ = {isa = PBXFileReference; lastKnownFileType = text.plist.strings; name = en; path = en.lproj/InfoPlist.strings; sourceTree = "<group>"; };
		9BC72DE6226E18C000538A0C /* ru */ = {isa = PBXFileReference; lastKnownFileType = text.plist.strings; name = ru; path = ru.lproj/SearchDialog.strings; sourceTree = "<group>"; };
		9BEB17F4221C05CE003F8C9A /* EventsApplication.app */ = {isa = PBXFileReference; explicitFileType = wrapper.application; includeInIndex = 0; path = EventsApplication.app; sourceTree = BUILT_PRODUCTS_DIR; };
		9BEB17F7221C05CE003F8C9A /* AppDelegate.swift */ = {isa = PBXFileReference; lastKnownFileType = sourcecode.swift; path = AppDelegate.swift; sourceTree = "<group>"; };
		9BEB17FE221C05CF003F8C9A /* Assets.xcassets */ = {isa = PBXFileReference; lastKnownFileType = folder.assetcatalog; path = Assets.xcassets; sourceTree = "<group>"; };
		9BEB1801221C05CF003F8C9A /* Base */ = {isa = PBXFileReference; lastKnownFileType = file.storyboard; name = Base; path = Base.lproj/LaunchScreen.storyboard; sourceTree = "<group>"; };
		9BEB1803221C05CF003F8C9A /* Info.plist */ = {isa = PBXFileReference; lastKnownFileType = text.plist.xml; path = Info.plist; sourceTree = "<group>"; };
		9BEB1808221C05D0003F8C9A /* EventsApplicationTests.xctest */ = {isa = PBXFileReference; explicitFileType = wrapper.cfbundle; includeInIndex = 0; path = EventsApplicationTests.xctest; sourceTree = BUILT_PRODUCTS_DIR; };
		9BEB180C221C05D0003F8C9A /* EventsApplicationTests.swift */ = {isa = PBXFileReference; lastKnownFileType = sourcecode.swift; path = EventsApplicationTests.swift; sourceTree = "<group>"; };
		9BEB180E221C05D0003F8C9A /* Info.plist */ = {isa = PBXFileReference; lastKnownFileType = text.plist.xml; path = Info.plist; sourceTree = "<group>"; };
		9BEB1813221C05D0003F8C9A /* EventsApplicationUITests.xctest */ = {isa = PBXFileReference; explicitFileType = wrapper.cfbundle; includeInIndex = 0; path = EventsApplicationUITests.xctest; sourceTree = BUILT_PRODUCTS_DIR; };
		9BEB1817221C05D0003F8C9A /* EventsApplicationUITests.swift */ = {isa = PBXFileReference; lastKnownFileType = sourcecode.swift; path = EventsApplicationUITests.swift; sourceTree = "<group>"; };
		9BEB1819221C05D0003F8C9A /* Info.plist */ = {isa = PBXFileReference; lastKnownFileType = text.plist.xml; path = Info.plist; sourceTree = "<group>"; };
		9DE1443A2FDAB8AF65DD72B5 /* Pods-EventsApplication.debug.xcconfig */ = {isa = PBXFileReference; includeInIndex = 1; lastKnownFileType = text.xcconfig; name = "Pods-EventsApplication.debug.xcconfig"; path = "Pods/Target Support Files/Pods-EventsApplication/Pods-EventsApplication.debug.xcconfig"; sourceTree = "<group>"; };
		AC43CD9C8AB5AE50429C62F2 /* Pods-EventsApplicationUITests.debug.xcconfig */ = {isa = PBXFileReference; includeInIndex = 1; lastKnownFileType = text.xcconfig; name = "Pods-EventsApplicationUITests.debug.xcconfig"; path = "Pods/Target Support Files/Pods-EventsApplicationUITests/Pods-EventsApplicationUITests.debug.xcconfig"; sourceTree = "<group>"; };
		ED67A31F289BCC3C009AFA4C /* DetailSourcePresenter.swift */ = {isa = PBXFileReference; lastKnownFileType = sourcecode.swift; path = DetailSourcePresenter.swift; sourceTree = "<group>"; };
		ED67A321289C3177009AFA4C /* DetailSourceViewController.swift */ = {isa = PBXFileReference; lastKnownFileType = sourcecode.swift; path = DetailSourceViewController.swift; sourceTree = "<group>"; };
		ED67A322289C3177009AFA4C /* DetailSourceViewController.xib */ = {isa = PBXFileReference; lastKnownFileType = file.xib; path = DetailSourceViewController.xib; sourceTree = "<group>"; };
		ED67A326289C448D009AFA4C /* DetailCategoryCell.swift */ = {isa = PBXFileReference; lastKnownFileType = sourcecode.swift; path = DetailCategoryCell.swift; sourceTree = "<group>"; };
		ED67A327289C448D009AFA4C /* DetailCategoryCell.xib */ = {isa = PBXFileReference; lastKnownFileType = file.xib; path = DetailCategoryCell.xib; sourceTree = "<group>"; };
		ED67A32A289C449E009AFA4C /* DetailCategoryCellModel.swift */ = {isa = PBXFileReference; lastKnownFileType = sourcecode.swift; path = DetailCategoryCellModel.swift; sourceTree = "<group>"; };
		ED67A32F289C5657009AFA4C /* AnimationController.swift */ = {isa = PBXFileReference; lastKnownFileType = sourcecode.swift; path = AnimationController.swift; sourceTree = "<group>"; };
		EDD2B16A289ADFDA004DAC2D /* DetailViewController.swift */ = {isa = PBXFileReference; lastKnownFileType = sourcecode.swift; path = DetailViewController.swift; sourceTree = "<group>"; };
		EDD2B16B289ADFDA004DAC2D /* DetailViewController.xib */ = {isa = PBXFileReference; lastKnownFileType = file.xib; path = DetailViewController.xib; sourceTree = "<group>"; };
		EDD2B16E289ADFE8004DAC2D /* DetailPresenter.swift */ = {isa = PBXFileReference; lastKnownFileType = sourcecode.swift; path = DetailPresenter.swift; sourceTree = "<group>"; };
		EDD2B170289ADFF7004DAC2D /* DetailDataSource.swift */ = {isa = PBXFileReference; lastKnownFileType = sourcecode.swift; path = DetailDataSource.swift; sourceTree = "<group>"; };
		EDD2B176289B0CD2004DAC2D /* DetailImageCellTableViewCell.swift */ = {isa = PBXFileReference; lastKnownFileType = sourcecode.swift; path = DetailImageCellTableViewCell.swift; sourceTree = "<group>"; };
		EDD2B177289B0CD2004DAC2D /* DetailImageCellTableViewCell.xib */ = {isa = PBXFileReference; lastKnownFileType = file.xib; path = DetailImageCellTableViewCell.xib; sourceTree = "<group>"; };
		EDD2B17A289B0CE3004DAC2D /* DetailImageCellModel.swift */ = {isa = PBXFileReference; lastKnownFileType = sourcecode.swift; path = DetailImageCellModel.swift; sourceTree = "<group>"; };
		EDD2B17D289B2CDF004DAC2D /* DetailTransparentCell.swift */ = {isa = PBXFileReference; lastKnownFileType = sourcecode.swift; path = DetailTransparentCell.swift; sourceTree = "<group>"; };
		EDD2B17E289B2CDF004DAC2D /* DetailTransparentCell.xib */ = {isa = PBXFileReference; lastKnownFileType = file.xib; path = DetailTransparentCell.xib; sourceTree = "<group>"; };
		EDD2B181289B2CF0004DAC2D /* DetailTransparentCellModel.swift */ = {isa = PBXFileReference; lastKnownFileType = sourcecode.swift; path = DetailTransparentCellModel.swift; sourceTree = "<group>"; };
		EDD2B184289B378A004DAC2D /* DetailAccentCell.swift */ = {isa = PBXFileReference; lastKnownFileType = sourcecode.swift; path = DetailAccentCell.swift; sourceTree = "<group>"; };
		EDD2B185289B378A004DAC2D /* DetailAccentCell.xib */ = {isa = PBXFileReference; lastKnownFileType = file.xib; path = DetailAccentCell.xib; sourceTree = "<group>"; };
		EDD2B188289B379D004DAC2D /* DetailAccentCellModel.swift */ = {isa = PBXFileReference; lastKnownFileType = sourcecode.swift; path = DetailAccentCellModel.swift; sourceTree = "<group>"; };
		EDD2B18B289B3A5C004DAC2D /* DetailUrlCell.swift */ = {isa = PBXFileReference; lastKnownFileType = sourcecode.swift; path = DetailUrlCell.swift; sourceTree = "<group>"; };
		EDD2B18C289B3A5C004DAC2D /* DetailUrlCell.xib */ = {isa = PBXFileReference; lastKnownFileType = file.xib; path = DetailUrlCell.xib; sourceTree = "<group>"; };
		EDD2B18F289B3A6F004DAC2D /* DetailUrlCellModel.swift */ = {isa = PBXFileReference; lastKnownFileType = sourcecode.swift; path = DetailUrlCellModel.swift; sourceTree = "<group>"; };
		EDD2B192289B3F44004DAC2D /* DetailAuthorCell.swift */ = {isa = PBXFileReference; lastKnownFileType = sourcecode.swift; path = DetailAuthorCell.swift; sourceTree = "<group>"; };
		EDD2B193289B3F44004DAC2D /* DetailAuthorCell.xib */ = {isa = PBXFileReference; lastKnownFileType = file.xib; path = DetailAuthorCell.xib; sourceTree = "<group>"; };
		EDD2B196289B3F5F004DAC2D /* DetailAuthorCellModel.swift */ = {isa = PBXFileReference; lastKnownFileType = sourcecode.swift; path = DetailAuthorCellModel.swift; sourceTree = "<group>"; };
/* End PBXFileReference section */

/* Begin PBXFrameworksBuildPhase section */
		9BEB17F1221C05CE003F8C9A /* Frameworks */ = {
			isa = PBXFrameworksBuildPhase;
			buildActionMask = 2147483647;
			files = (
				5142D2325929E234439D3E1E /* Pods_EventsApplication.framework in Frameworks */,
				ED67A32E289C4FA0009AFA4C /* Alamofire in Frameworks */,
			);
			runOnlyForDeploymentPostprocessing = 0;
		};
		9BEB1805221C05D0003F8C9A /* Frameworks */ = {
			isa = PBXFrameworksBuildPhase;
			buildActionMask = 2147483647;
			files = (
			);
			runOnlyForDeploymentPostprocessing = 0;
		};
		9BEB1810221C05D0003F8C9A /* Frameworks */ = {
			isa = PBXFrameworksBuildPhase;
			buildActionMask = 2147483647;
			files = (
				17EEA6E68486C94B3FF50A04 /* Pods_EventsApplicationUITests.framework in Frameworks */,
			);
			runOnlyForDeploymentPostprocessing = 0;
		};
/* End PBXFrameworksBuildPhase section */

/* Begin PBXGroup section */
		1A3F1A12224D345F008B1486 /* articleCell */ = {
			isa = PBXGroup;
			children = (
				1A3F1A0C224D1D3A008B1486 /* ArticleCell.xib */,
				1A75A84C224C3BC70033C852 /* ArticleCell.swift */,
			);
			path = articleCell;
			sourceTree = "<group>";
		};
		1A3F1A13224D34DC008B1486 /* sourcesCell */ = {
			isa = PBXGroup;
			children = (
				1A3F1A14224D34F9008B1486 /* SourcesCell.xib */,
				1A3F1A16224D3690008B1486 /* SourcesCell.swift */,
			);
			path = sourcesCell;
			sourceTree = "<group>";
		};
		1A3F1A1A224D410D008B1486 /* emptyView */ = {
			isa = PBXGroup;
			children = (
				9BB5C219225F72CE0006A74E /* EmptyView.xib */,
				1A3F1A1D224D413B008B1486 /* EmptyView.swift */,
			);
			path = emptyView;
			sourceTree = "<group>";
		};
		1A611C12224AE371008E9D14 /* Models */ = {
			isa = PBXGroup;
			children = (
				1A611C10224AE08B008E9D14 /* Source.swift */,
				1A611C0E224ADFEF008E9D14 /* Articles.swift */,
				1A611C0C224ADFCD008E9D14 /* Json4Swift_Base.swift */,
				1A611C0A224ADF7C008E9D14 /* Sources.swift */,
				9B67F39F22672B2B004402FB /* Replacible.swift */,
			);
			path = Models;
			sourceTree = "<group>";
		};
		1A75A84B224C3BA60033C852 /* custom */ = {
			isa = PBXGroup;
			children = (
				9B6FB7B4225B75BE00439F98 /* cell */,
				1A3F1A1A224D410D008B1486 /* emptyView */,
			);
			path = custom;
			sourceTree = "<group>";
		};
		1A918BAD22497E7C00D34DCE /* Dependencies */ = {
			isa = PBXGroup;
			children = (
				1A918BAB224971C400D34DCE /* ValueForSelector.swift */,
				1A918BAE22497E8D00D34DCE /* AuthUtil.swift */,
				1A75A84E224C45890033C852 /* DialogHelper.swift */,
				1A69B9C3224F65EA00DD811C /* DateTimeUtil.swift */,
				9B67F3A12267489B004402FB /* CountryUtil.swift */,
			);
			path = Dependencies;
			sourceTree = "<group>";
		};
		1A918BB12249824E00D34DCE /* application sources */ = {
			isa = PBXGroup;
			children = (
				9B78182D2266161A00C0E4ED /* NewsModel.xcdatamodeld */,
				9BEB1800221C05CF003F8C9A /* LaunchScreen.storyboard */,
				9BEB17FE221C05CF003F8C9A /* Assets.xcassets */,
				9B6FB7B7225B830C00439F98 /* ColorTheme.xcassets */,
				9BB5C1FE225F60AB0006A74E /* Localizable.strings */,
				9BB5C220225F74440006A74E /* InfoPlist.strings */,
			);
			path = "application sources";
			sourceTree = "<group>";
		};
		1A9ED613226257060030092D /* animation */ = {
			isa = PBXGroup;
			children = (
				ED67A32F289C5657009AFA4C /* AnimationController.swift */,
			);
			name = animation;
			path = ../..;
			sourceTree = "<group>";
		};
		1AB264E62265045200D298F4 /* Repository */ = {
			isa = PBXGroup;
			children = (
				1AB264E72265047700D298F4 /* Repository.swift */,
				1AB264E92265048F00D298F4 /* RepositoryImpl.swift */,
			);
			path = Repository;
			sourceTree = "<group>";
		};
		9B11D172221ED98900BFEBD4 /* Network */ = {
			isa = PBXGroup;
			children = (
				9B11D177221EDB2500BFEBD4 /* NetworkServiceRx.swift */,
				9B11D178221EDB2500BFEBD4 /* UrlRouter.swift */,
				1AF3B8092226D911004FA784 /* MockNetworkTester.swift */,
			);
			path = Network;
			sourceTree = "<group>";
		};
		9B50C461225231B300C720E7 /* searchDialog */ = {
			isa = PBXGroup;
			children = (
				9B50C464225231F100C720E7 /* UISearchDialog.swift */,
				9BB5C202225F6D960006A74E /* SearchDialog.storyboard */,
			);
			path = searchDialog;
			sourceTree = "<group>";
		};
		9B56310E224B61AD005B41A6 /* Headers */ = {
			isa = PBXGroup;
			children = (
				9B563111224B61DE005B41A6 /* View */,
				9B56315D224B7C64005B41A6 /* Creator */,
				9B563113224B61F0005B41A6 /* Contract */,
				9B563114224B61F8005B41A6 /* Presenter */,
				9B563115224B6200005B41A6 /* Interactor */,
			);
			path = Headers;
			sourceTree = "<group>";
		};
		9B56310F224B61BE005B41A6 /* Evertything */ = {
			isa = PBXGroup;
			children = (
				9B563125224B62B4005B41A6 /* View */,
				9B563126224B62B4005B41A6 /* Creator */,
				9B563127224B62B4005B41A6 /* Contract */,
				9B563129224B62B4005B41A6 /* Presenter */,
				9B563128224B62B4005B41A6 /* Interactor */,
			);
			path = Evertything;
			sourceTree = "<group>";
		};
		9B563110224B61CA005B41A6 /* Sources */ = {
			isa = PBXGroup;
			children = (
				9B563118224B624D005B41A6 /* View */,
				9B56311A224B624D005B41A6 /* Creator */,
				9B563116224B624D005B41A6 /* Contract */,
				9B563117224B624D005B41A6 /* Presenter */,
				9B563119224B624D005B41A6 /* Interactor */,
			);
			path = Sources;
			sourceTree = "<group>";
		};
		9B563111224B61DE005B41A6 /* View */ = {
			isa = PBXGroup;
			children = (
				9B56313A224B6CD6005B41A6 /* Headers.storyboard */,
				9B563149224B7435005B41A6 /* HeaderViewController.swift */,
			);
			path = View;
			sourceTree = "<group>";
		};
		9B563113224B61F0005B41A6 /* Contract */ = {
			isa = PBXGroup;
			children = (
				9B56312A224B62FB005B41A6 /* HeaderContract.swift */,
			);
			path = Contract;
			sourceTree = "<group>";
		};
		9B563114224B61F8005B41A6 /* Presenter */ = {
			isa = PBXGroup;
			children = (
				9B56312E224B64B9005B41A6 /* HeaderPresenterImpl.swift */,
			);
			path = Presenter;
			sourceTree = "<group>";
		};
		9B563115224B6200005B41A6 /* Interactor */ = {
			isa = PBXGroup;
			children = (
				9B56314B224B74A3005B41A6 /* HeadersInteractorImpl.swift */,
			);
			path = Interactor;
			sourceTree = "<group>";
		};
		9B563116224B624D005B41A6 /* Contract */ = {
			isa = PBXGroup;
			children = (
				9B563157224B7672005B41A6 /* SourcesContract.swift */,
			);
			path = Contract;
			sourceTree = "<group>";
		};
		9B563117224B624D005B41A6 /* Presenter */ = {
			isa = PBXGroup;
			children = (
				9B563159224B769E005B41A6 /* SourcesPresenterImpl.swift */,
			);
			path = Presenter;
			sourceTree = "<group>";
		};
		9B563118224B624D005B41A6 /* View */ = {
			isa = PBXGroup;
			children = (
				9B56313E224B6D32005B41A6 /* Sources.storyboard */,
				9B563155224B764B005B41A6 /* SourceViewController.swift */,
			);
			path = View;
			sourceTree = "<group>";
		};
		9B563119224B624D005B41A6 /* Interactor */ = {
			isa = PBXGroup;
			children = (
				9B56315B224B76C4005B41A6 /* SourcesInteractorImpl.swift */,
			);
			path = Interactor;
			sourceTree = "<group>";
		};
		9B56311A224B624D005B41A6 /* Creator */ = {
			isa = PBXGroup;
			children = (
				9B563147224B73EE005B41A6 /* SourcesCreator.swift */,
			);
			path = Creator;
			sourceTree = "<group>";
		};
		9B563125224B62B4005B41A6 /* View */ = {
			isa = PBXGroup;
			children = (
				9B56313C224B6D11005B41A6 /* Everything.storyboard */,
				9B56314D224B7512005B41A6 /* EverythingViewController.swift */,
			);
			path = View;
			sourceTree = "<group>";
		};
		9B563126224B62B4005B41A6 /* Creator */ = {
			isa = PBXGroup;
			children = (
				9B563145224B73BA005B41A6 /* EverythingCreator.swift */,
			);
			path = Creator;
			sourceTree = "<group>";
		};
		9B563127224B62B4005B41A6 /* Contract */ = {
			isa = PBXGroup;
			children = (
				9B563151224B75BB005B41A6 /* EverythingContract.swift */,
			);
			path = Contract;
			sourceTree = "<group>";
		};
		9B563128224B62B4005B41A6 /* Interactor */ = {
			isa = PBXGroup;
			children = (
				9B563153224B75F5005B41A6 /* EverythingInteractorImpl.swift */,
			);
			path = Interactor;
			sourceTree = "<group>";
		};
		9B563129224B62B4005B41A6 /* Presenter */ = {
			isa = PBXGroup;
			children = (
				9B56314F224B7579005B41A6 /* EverythingPresenterImpl.swift */,
			);
			path = Presenter;
			sourceTree = "<group>";
		};
		9B56315D224B7C64005B41A6 /* Creator */ = {
			isa = PBXGroup;
			children = (
				9B56315E224B7C95005B41A6 /* HeaderCreator.swift */,
			);
			path = Creator;
			sourceTree = "<group>";
		};
		9B67F39C2267010E004402FB /* Data */ = {
			isa = PBXGroup;
			children = (
				9B11D172221ED98900BFEBD4 /* Network */,
				1A611C12224AE371008E9D14 /* Models */,
				1AB264E62265045200D298F4 /* Repository */,
				9B67F39D2267012C004402FB /* LocalStorage.swift */,
			);
			path = Data;
			sourceTree = "<group>";
		};
		9B6FB7B4225B75BE00439F98 /* cell */ = {
			isa = PBXGroup;
			children = (
				1A3F1A12224D345F008B1486 /* articleCell */,
				1A3F1A13224D34DC008B1486 /* sourcesCell */,
			);
			path = cell;
			sourceTree = "<group>";
		};
		9B788088224A13AB00F7231A /* Root */ = {
			isa = PBXGroup;
			children = (
				9B788095224A14D300F7231A /* View */,
				9B78808F224A148000F7231A /* Creator */,
				9B788092224A14A300F7231A /* Contract */,
				9B78808C224A143000F7231A /* Presenter */,
				9B788089224A13D500F7231A /* Interactor */,
			);
			path = Root;
			sourceTree = "<group>";
		};
		9B788089224A13D500F7231A /* Interactor */ = {
			isa = PBXGroup;
			children = (
				9B78808A224A13F600F7231A /* RootInteractorImpl.swift */,
			);
			path = Interactor;
			sourceTree = "<group>";
		};
		9B78808C224A143000F7231A /* Presenter */ = {
			isa = PBXGroup;
			children = (
				9B78808D224A144700F7231A /* RootPresenterImpl.swift */,
			);
			path = Presenter;
			sourceTree = "<group>";
		};
		9B78808F224A148000F7231A /* Creator */ = {
			isa = PBXGroup;
			children = (
				9B788090224A149500F7231A /* RootCreator.swift */,
			);
			path = Creator;
			sourceTree = "<group>";
		};
		9B788092224A14A300F7231A /* Contract */ = {
			isa = PBXGroup;
			children = (
				9B788093224A14C600F7231A /* RootContract.swift */,
			);
			path = Contract;
			sourceTree = "<group>";
		};
		9B788095224A14D300F7231A /* View */ = {
			isa = PBXGroup;
			children = (
				9B788096224A14F000F7231A /* RootViewController.swift */,
				9B788098224A151000F7231A /* Root.storyboard */,
			);
			path = View;
			sourceTree = "<group>";
		};
		9B9661EE221E9227008C512D /* Modules */ = {
			isa = PBXGroup;
			children = (
				9B563110224B61CA005B41A6 /* Sources */,
				9B56310F224B61BE005B41A6 /* Evertything */,
				9B56310E224B61AD005B41A6 /* Headers */,
				9B788088224A13AB00F7231A /* Root */,
				9B966242221ED542008C512D /* Base */,
			);
			path = Modules;
			sourceTree = "<group>";
		};
		9B966242221ED542008C512D /* Base */ = {
			isa = PBXGroup;
			children = (
				9B966243221ED556008C512D /* BaseCreator.swift */,
				1A3F1A10224D2B77008B1486 /* BaseArticleController.swift */,
				1A3F1A18224D3827008B1486 /* BaseSourcesViewController.swift */,
				1A3266D92254054D004F35A0 /* RequestKeysProtocol.swift */,
				9B1C2AE4225F37DF002CEF80 /* BaseTableViewController.swift */,
			);
			path = Base;
			sourceTree = "<group>";
		};
		9B966245221ED5AA008C512D /* ApplicationNavigator */ = {
			isa = PBXGroup;
			children = (
				9B966246221ED5B7008C512D /* ApplicationNavigator.swift */,
			);
			path = ApplicationNavigator;
			sourceTree = "<group>";
		};
		9B9AB2A322648F0000712530 /* baseDialog */ = {
			isa = PBXGroup;
			children = (
				9B9AB2A422648F2A00712530 /* BaseDialogViewController.swift */,
			);
			path = baseDialog;
			sourceTree = "<group>";
		};
		9B9EB59E2251E90F00570C37 /* dialogs */ = {
			isa = PBXGroup;
			children = (
				9B9AB2A322648F0000712530 /* baseDialog */,
				9B50C461225231B300C720E7 /* searchDialog */,
				9B9EB59F2251E92300570C37 /* selectionDialog */,
			);
			path = dialogs;
			sourceTree = "<group>";
		};
		9B9EB59F2251E92300570C37 /* selectionDialog */ = {
			isa = PBXGroup;
			children = (
				9B9EB5A22251E94A00570C37 /* UISelectionDialog.swift */,
				9BB5C207225F6E1A0006A74E /* SelectionDialog.storyboard */,
			);
			path = selectionDialog;
			sourceTree = "<group>";
		};
		9BEB17EB221C05CE003F8C9A = {
			isa = PBXGroup;
			children = (
				9BEB17F6221C05CE003F8C9A /* EventsApplication */,
				9BEB180B221C05D0003F8C9A /* EventsApplicationTests */,
				9BEB1816221C05D0003F8C9A /* EventsApplicationUITests */,
				9BEB17F5221C05CE003F8C9A /* Products */,
				EDD351A1284122E6FE868852 /* Pods */,
				CCCE435C3EEE36FA04F916B5 /* Frameworks */,
			);
			sourceTree = "<group>";
		};
		9BEB17F5221C05CE003F8C9A /* Products */ = {
			isa = PBXGroup;
			children = (
				9BEB17F4221C05CE003F8C9A /* EventsApplication.app */,
				9BEB1808221C05D0003F8C9A /* EventsApplicationTests.xctest */,
				9BEB1813221C05D0003F8C9A /* EventsApplicationUITests.xctest */,
			);
			name = Products;
			sourceTree = "<group>";
		};
		9BEB17F6221C05CE003F8C9A /* EventsApplication */ = {
			isa = PBXGroup;
			children = (
				9B67F39C2267010E004402FB /* Data */,
				EDD2B172289AE2CE004DAC2D /* Presentation */,
				EDD2B173289AE2E8004DAC2D /* UI */,
				EDD2B174289AE6F3004DAC2D /* AppSources */,
				1A75A84B224C3BA60033C852 /* custom */,
				9BEB1803221C05CF003F8C9A /* Info.plist */,
				9B9661EE221E9227008C512D /* Modules */,
			);
			path = EventsApplication;
			sourceTree = "<group>";
		};
		9BEB180B221C05D0003F8C9A /* EventsApplicationTests */ = {
			isa = PBXGroup;
			children = (
				9BEB180C221C05D0003F8C9A /* EventsApplicationTests.swift */,
				9BEB180E221C05D0003F8C9A /* Info.plist */,
			);
			path = EventsApplicationTests;
			sourceTree = "<group>";
		};
		9BEB1816221C05D0003F8C9A /* EventsApplicationUITests */ = {
			isa = PBXGroup;
			children = (
				9BEB1817221C05D0003F8C9A /* EventsApplicationUITests.swift */,
				9BEB1819221C05D0003F8C9A /* Info.plist */,
			);
			path = EventsApplicationUITests;
			sourceTree = "<group>";
		};
		CCCE435C3EEE36FA04F916B5 /* Frameworks */ = {
			isa = PBXGroup;
			children = (
				14362051047C402913B017BC /* Pods_EventsApplication.framework */,
				75A050619A96C1E69E44BAFD /* Pods_EventsApplicationUITests.framework */,
			);
			name = Frameworks;
			sourceTree = "<group>";
		};
		ED67A31A289BCA04009AFA4C /* SourceDetail */ = {
			isa = PBXGroup;
			children = (
				ED67A325289C4463009AFA4C /* DetailCategoryCell */,
				ED67A321289C3177009AFA4C /* DetailSourceViewController.swift */,
				ED67A322289C3177009AFA4C /* DetailSourceViewController.xib */,
				ED67A31F289BCC3C009AFA4C /* DetailSourcePresenter.swift */,
			);
			path = SourceDetail;
			sourceTree = "<group>";
		};
		ED67A325289C4463009AFA4C /* DetailCategoryCell */ = {
			isa = PBXGroup;
			children = (
				ED67A326289C448D009AFA4C /* DetailCategoryCell.swift */,
				ED67A327289C448D009AFA4C /* DetailCategoryCell.xib */,
				ED67A32A289C449E009AFA4C /* DetailCategoryCellModel.swift */,
			);
			path = DetailCategoryCell;
			sourceTree = "<group>";
		};
		EDD2B168289ADF39004DAC2D /* screens */ = {
			isa = PBXGroup;
			children = (
				ED67A31A289BCA04009AFA4C /* SourceDetail */,
				EDD2B169289ADFB2004DAC2D /* Detail */,
			);
			path = screens;
			sourceTree = "<group>";
		};
		EDD2B169289ADFB2004DAC2D /* Detail */ = {
			isa = PBXGroup;
			children = (
				EDD2B191289B3E23004DAC2D /* DetailAuthorCell */,
				EDD2B18A289B3A3E004DAC2D /* DetailUrlCell */,
				EDD2B183289B376A004DAC2D /* DetailAccentCell */,
				EDD2B17C289B2CBF004DAC2D /* DetailTransparentCell */,
				EDD2B175289B0328004DAC2D /* DetailImageCell */,
				EDD2B16A289ADFDA004DAC2D /* DetailViewController.swift */,
				EDD2B16B289ADFDA004DAC2D /* DetailViewController.xib */,
				EDD2B16E289ADFE8004DAC2D /* DetailPresenter.swift */,
				EDD2B170289ADFF7004DAC2D /* DetailDataSource.swift */,
			);
			path = Detail;
			sourceTree = "<group>";
		};
		EDD2B172289AE2CE004DAC2D /* Presentation */ = {
			isa = PBXGroup;
			children = (
			);
			path = Presentation;
			sourceTree = "<group>";
		};
		EDD2B173289AE2E8004DAC2D /* UI */ = {
			isa = PBXGroup;
			children = (
				9B9EB59E2251E90F00570C37 /* dialogs */,
				1A9ED613226257060030092D /* animation */,
				EDD2B168289ADF39004DAC2D /* screens */,
			);
			path = UI;
			sourceTree = "<group>";
		};
		EDD2B174289AE6F3004DAC2D /* AppSources */ = {
			isa = PBXGroup;
			children = (
				1A918BAD22497E7C00D34DCE /* Dependencies */,
				1A918BB12249824E00D34DCE /* application sources */,
				9B966245221ED5AA008C512D /* ApplicationNavigator */,
				9B5E70F3225F260100363A35 /* Extension.swift */,
				9BEB17F7221C05CE003F8C9A /* AppDelegate.swift */,
			);
			path = AppSources;
			sourceTree = "<group>";
		};
		EDD2B175289B0328004DAC2D /* DetailImageCell */ = {
			isa = PBXGroup;
			children = (
				EDD2B176289B0CD2004DAC2D /* DetailImageCellTableViewCell.swift */,
				EDD2B177289B0CD2004DAC2D /* DetailImageCellTableViewCell.xib */,
				EDD2B17A289B0CE3004DAC2D /* DetailImageCellModel.swift */,
			);
			path = DetailImageCell;
			sourceTree = "<group>";
		};
		EDD2B17C289B2CBF004DAC2D /* DetailTransparentCell */ = {
			isa = PBXGroup;
			children = (
				EDD2B17D289B2CDF004DAC2D /* DetailTransparentCell.swift */,
				EDD2B17E289B2CDF004DAC2D /* DetailTransparentCell.xib */,
				EDD2B181289B2CF0004DAC2D /* DetailTransparentCellModel.swift */,
			);
			path = DetailTransparentCell;
			sourceTree = "<group>";
		};
		EDD2B183289B376A004DAC2D /* DetailAccentCell */ = {
			isa = PBXGroup;
			children = (
				EDD2B184289B378A004DAC2D /* DetailAccentCell.swift */,
				EDD2B185289B378A004DAC2D /* DetailAccentCell.xib */,
				EDD2B188289B379D004DAC2D /* DetailAccentCellModel.swift */,
			);
			path = DetailAccentCell;
			sourceTree = "<group>";
		};
		EDD2B18A289B3A3E004DAC2D /* DetailUrlCell */ = {
			isa = PBXGroup;
			children = (
				EDD2B18B289B3A5C004DAC2D /* DetailUrlCell.swift */,
				EDD2B18C289B3A5C004DAC2D /* DetailUrlCell.xib */,
				EDD2B18F289B3A6F004DAC2D /* DetailUrlCellModel.swift */,
			);
			path = DetailUrlCell;
			sourceTree = "<group>";
		};
		EDD2B191289B3E23004DAC2D /* DetailAuthorCell */ = {
			isa = PBXGroup;
			children = (
				EDD2B192289B3F44004DAC2D /* DetailAuthorCell.swift */,
				EDD2B193289B3F44004DAC2D /* DetailAuthorCell.xib */,
				EDD2B196289B3F5F004DAC2D /* DetailAuthorCellModel.swift */,
			);
			path = DetailAuthorCell;
			sourceTree = "<group>";
		};
		EDD351A1284122E6FE868852 /* Pods */ = {
			isa = PBXGroup;
			children = (
				9DE1443A2FDAB8AF65DD72B5 /* Pods-EventsApplication.debug.xcconfig */,
				690FACA11737355C05F058FD /* Pods-EventsApplication.release.xcconfig */,
				AC43CD9C8AB5AE50429C62F2 /* Pods-EventsApplicationUITests.debug.xcconfig */,
				6D4849D14C4D55568CB3C967 /* Pods-EventsApplicationUITests.release.xcconfig */,
			);
			name = Pods;
			sourceTree = "<group>";
		};
/* End PBXGroup section */

/* Begin PBXNativeTarget section */
		9BEB17F3221C05CE003F8C9A /* EventsApplication */ = {
			isa = PBXNativeTarget;
			buildConfigurationList = 9BEB181C221C05D0003F8C9A /* Build configuration list for PBXNativeTarget "EventsApplication" */;
			buildPhases = (
				C1C31A684A58AC172C4332C3 /* [CP] Check Pods Manifest.lock */,
				9BEB17F0221C05CE003F8C9A /* Sources */,
				9BEB17F1221C05CE003F8C9A /* Frameworks */,
				9BEB17F2221C05CE003F8C9A /* Resources */,
			);
			buildRules = (
			);
			dependencies = (
			);
			name = EventsApplication;
			packageProductDependencies = (
				ED67A32D289C4FA0009AFA4C /* Alamofire */,
			);
			productName = EventsApplication;
			productReference = 9BEB17F4221C05CE003F8C9A /* EventsApplication.app */;
			productType = "com.apple.product-type.application";
		};
		9BEB1807221C05D0003F8C9A /* EventsApplicationTests */ = {
			isa = PBXNativeTarget;
			buildConfigurationList = 9BEB181F221C05D0003F8C9A /* Build configuration list for PBXNativeTarget "EventsApplicationTests" */;
			buildPhases = (
				9BEB1804221C05D0003F8C9A /* Sources */,
				9BEB1805221C05D0003F8C9A /* Frameworks */,
				9BEB1806221C05D0003F8C9A /* Resources */,
			);
			buildRules = (
			);
			dependencies = (
				9BEB180A221C05D0003F8C9A /* PBXTargetDependency */,
			);
			name = EventsApplicationTests;
			productName = EventsApplicationTests;
			productReference = 9BEB1808221C05D0003F8C9A /* EventsApplicationTests.xctest */;
			productType = "com.apple.product-type.bundle.unit-test";
		};
		9BEB1812221C05D0003F8C9A /* EventsApplicationUITests */ = {
			isa = PBXNativeTarget;
			buildConfigurationList = 9BEB1822221C05D0003F8C9A /* Build configuration list for PBXNativeTarget "EventsApplicationUITests" */;
			buildPhases = (
				59C355EFB13885B063D5B618 /* [CP] Check Pods Manifest.lock */,
				9BEB180F221C05D0003F8C9A /* Sources */,
				9BEB1810221C05D0003F8C9A /* Frameworks */,
				9BEB1811221C05D0003F8C9A /* Resources */,
			);
			buildRules = (
			);
			dependencies = (
				9BEB1815221C05D0003F8C9A /* PBXTargetDependency */,
			);
			name = EventsApplicationUITests;
			productName = EventsApplicationUITests;
			productReference = 9BEB1813221C05D0003F8C9A /* EventsApplicationUITests.xctest */;
			productType = "com.apple.product-type.bundle.ui-testing";
		};
/* End PBXNativeTarget section */

/* Begin PBXProject section */
		9BEB17EC221C05CE003F8C9A /* Project object */ = {
			isa = PBXProject;
			attributes = {
				LastSwiftUpdateCheck = 1010;
				LastUpgradeCheck = 1010;
				ORGANIZATIONNAME = ipinguin_linuxoid;
				TargetAttributes = {
					9BEB17F3221C05CE003F8C9A = {
						CreatedOnToolsVersion = 10.1;
					};
					9BEB1807221C05D0003F8C9A = {
						CreatedOnToolsVersion = 10.1;
						TestTargetID = 9BEB17F3221C05CE003F8C9A;
					};
					9BEB1812221C05D0003F8C9A = {
						CreatedOnToolsVersion = 10.1;
						TestTargetID = 9BEB17F3221C05CE003F8C9A;
					};
				};
			};
			buildConfigurationList = 9BEB17EF221C05CE003F8C9A /* Build configuration list for PBXProject "EventsApplication" */;
			compatibilityVersion = "Xcode 9.3";
			developmentRegion = en;
			hasScannedForEncodings = 0;
			knownRegions = (
				en,
				Base,
				ru,
			);
			mainGroup = 9BEB17EB221C05CE003F8C9A;
			packageReferences = (
				ED67A32C289C4FA0009AFA4C /* XCRemoteSwiftPackageReference "Alamofire" */,
			);
			productRefGroup = 9BEB17F5221C05CE003F8C9A /* Products */;
			projectDirPath = "";
			projectRoot = "";
			targets = (
				9BEB17F3221C05CE003F8C9A /* EventsApplication */,
				9BEB1807221C05D0003F8C9A /* EventsApplicationTests */,
				9BEB1812221C05D0003F8C9A /* EventsApplicationUITests */,
			);
		};
/* End PBXProject section */

/* Begin PBXResourcesBuildPhase section */
		9BEB17F2221C05CE003F8C9A /* Resources */ = {
			isa = PBXResourcesBuildPhase;
			buildActionMask = 2147483647;
			files = (
				EDD2B180289B2CDF004DAC2D /* DetailTransparentCell.xib in Resources */,
				9B6FB7B8225B830C00439F98 /* ColorTheme.xcassets in Resources */,
				EDD2B16D289ADFDA004DAC2D /* DetailViewController.xib in Resources */,
				1A3F1A15224D34F9008B1486 /* SourcesCell.xib in Resources */,
				EDD2B187289B378A004DAC2D /* DetailAccentCell.xib in Resources */,
				9BEB1802221C05CF003F8C9A /* LaunchScreen.storyboard in Resources */,
				9BB5C205225F6E1A0006A74E /* SelectionDialog.storyboard in Resources */,
				ED67A324289C3177009AFA4C /* DetailSourceViewController.xib in Resources */,
				9BB5C21E225F74440006A74E /* InfoPlist.strings in Resources */,
				EDD2B195289B3F44004DAC2D /* DetailAuthorCell.xib in Resources */,
				9BB5C200225F6D960006A74E /* SearchDialog.storyboard in Resources */,
				9B56313D224B6D11005B41A6 /* Everything.storyboard in Resources */,
				9BB5C217225F72CE0006A74E /* EmptyView.xib in Resources */,
				EDD2B18E289B3A5C004DAC2D /* DetailUrlCell.xib in Resources */,
				9B56313F224B6D32005B41A6 /* Sources.storyboard in Resources */,
				9B788099224A151000F7231A /* Root.storyboard in Resources */,
				ED67A329289C448D009AFA4C /* DetailCategoryCell.xib in Resources */,
				9B56313B224B6CD6005B41A6 /* Headers.storyboard in Resources */,
				EDD2B179289B0CD2004DAC2D /* DetailImageCellTableViewCell.xib in Resources */,
				1A3F1A0D224D1D3A008B1486 /* ArticleCell.xib in Resources */,
				9BB5C1FC225F60AB0006A74E /* Localizable.strings in Resources */,
				9BEB17FF221C05CF003F8C9A /* Assets.xcassets in Resources */,
			);
			runOnlyForDeploymentPostprocessing = 0;
		};
		9BEB1806221C05D0003F8C9A /* Resources */ = {
			isa = PBXResourcesBuildPhase;
			buildActionMask = 2147483647;
			files = (
			);
			runOnlyForDeploymentPostprocessing = 0;
		};
		9BEB1811221C05D0003F8C9A /* Resources */ = {
			isa = PBXResourcesBuildPhase;
			buildActionMask = 2147483647;
			files = (
			);
			runOnlyForDeploymentPostprocessing = 0;
		};
/* End PBXResourcesBuildPhase section */

/* Begin PBXShellScriptBuildPhase section */
		59C355EFB13885B063D5B618 /* [CP] Check Pods Manifest.lock */ = {
			isa = PBXShellScriptBuildPhase;
			buildActionMask = 2147483647;
			files = (
			);
			inputFileListPaths = (
			);
			inputPaths = (
				"${PODS_PODFILE_DIR_PATH}/Podfile.lock",
				"${PODS_ROOT}/Manifest.lock",
			);
			name = "[CP] Check Pods Manifest.lock";
			outputFileListPaths = (
			);
			outputPaths = (
				"$(DERIVED_FILE_DIR)/Pods-EventsApplicationUITests-checkManifestLockResult.txt",
			);
			runOnlyForDeploymentPostprocessing = 0;
			shellPath = /bin/sh;
			shellScript = "diff \"${PODS_PODFILE_DIR_PATH}/Podfile.lock\" \"${PODS_ROOT}/Manifest.lock\" > /dev/null\nif [ $? != 0 ] ; then\n    # print error to STDERR\n    echo \"error: The sandbox is not in sync with the Podfile.lock. Run 'pod install' or update your CocoaPods installation.\" >&2\n    exit 1\nfi\n# This output is used by Xcode 'outputs' to avoid re-running this script phase.\necho \"SUCCESS\" > \"${SCRIPT_OUTPUT_FILE_0}\"\n";
			showEnvVarsInLog = 0;
		};
		C1C31A684A58AC172C4332C3 /* [CP] Check Pods Manifest.lock */ = {
			isa = PBXShellScriptBuildPhase;
			buildActionMask = 2147483647;
			files = (
			);
			inputFileListPaths = (
			);
			inputPaths = (
				"${PODS_PODFILE_DIR_PATH}/Podfile.lock",
				"${PODS_ROOT}/Manifest.lock",
			);
			name = "[CP] Check Pods Manifest.lock";
			outputFileListPaths = (
			);
			outputPaths = (
				"$(DERIVED_FILE_DIR)/Pods-EventsApplication-checkManifestLockResult.txt",
			);
			runOnlyForDeploymentPostprocessing = 0;
			shellPath = /bin/sh;
			shellScript = "diff \"${PODS_PODFILE_DIR_PATH}/Podfile.lock\" \"${PODS_ROOT}/Manifest.lock\" > /dev/null\nif [ $? != 0 ] ; then\n    # print error to STDERR\n    echo \"error: The sandbox is not in sync with the Podfile.lock. Run 'pod install' or update your CocoaPods installation.\" >&2\n    exit 1\nfi\n# This output is used by Xcode 'outputs' to avoid re-running this script phase.\necho \"SUCCESS\" > \"${SCRIPT_OUTPUT_FILE_0}\"\n";
			showEnvVarsInLog = 0;
		};
/* End PBXShellScriptBuildPhase section */

/* Begin PBXSourcesBuildPhase section */
		9BEB17F0221C05CE003F8C9A /* Sources */ = {
			isa = PBXSourcesBuildPhase;
			buildActionMask = 2147483647;
			files = (
				1AB264EA2265048F00D298F4 /* RepositoryImpl.swift in Sources */,
				9B966247221ED5B7008C512D /* ApplicationNavigator.swift in Sources */,
				9B563154224B75F5005B41A6 /* EverythingInteractorImpl.swift in Sources */,
				9B67F3A022672B2B004402FB /* Replacible.swift in Sources */,
				1A69B9C4224F65EA00DD811C /* DateTimeUtil.swift in Sources */,
				EDD2B194289B3F44004DAC2D /* DetailAuthorCell.swift in Sources */,
				9B50C465225231F100C720E7 /* UISearchDialog.swift in Sources */,
				EDD2B182289B2CF0004DAC2D /* DetailTransparentCellModel.swift in Sources */,
				EDD2B171289ADFF7004DAC2D /* DetailDataSource.swift in Sources */,
				9B966244221ED556008C512D /* BaseCreator.swift in Sources */,
				EDD2B189289B379D004DAC2D /* DetailAccentCellModel.swift in Sources */,
				9B563146224B73BA005B41A6 /* EverythingCreator.swift in Sources */,
				9B9EB5A32251E94A00570C37 /* UISelectionDialog.swift in Sources */,
				EDD2B197289B3F5F004DAC2D /* DetailAuthorCellModel.swift in Sources */,
				9B78808B224A13F600F7231A /* RootInteractorImpl.swift in Sources */,
				1A3F1A1E224D413B008B1486 /* EmptyView.swift in Sources */,
				9B56315A224B769E005B41A6 /* SourcesPresenterImpl.swift in Sources */,
				1A611C0D224ADFCD008E9D14 /* Json4Swift_Base.swift in Sources */,
				ED67A330289C5657009AFA4C /* AnimationController.swift in Sources */,
				9B563150224B7579005B41A6 /* EverythingPresenterImpl.swift in Sources */,
				9B563148224B73EE005B41A6 /* SourcesCreator.swift in Sources */,
				9B563156224B764B005B41A6 /* SourceViewController.swift in Sources */,
				9B78182F2266161A00C0E4ED /* NewsModel.xcdatamodeld in Sources */,
				1A918BAC224971C400D34DCE /* ValueForSelector.swift in Sources */,
				9B788091224A149500F7231A /* RootCreator.swift in Sources */,
				ED67A320289BCC3C009AFA4C /* DetailSourcePresenter.swift in Sources */,
				9B563152224B75BB005B41A6 /* EverythingContract.swift in Sources */,
				EDD2B18D289B3A5C004DAC2D /* DetailUrlCell.swift in Sources */,
				EDD2B17B289B0CE3004DAC2D /* DetailImageCellModel.swift in Sources */,
				9B67F3A22267489B004402FB /* CountryUtil.swift in Sources */,
				9B788097224A14F000F7231A /* RootViewController.swift in Sources */,
				9B56314A224B7435005B41A6 /* HeaderViewController.swift in Sources */,
				ED67A32B289C449E009AFA4C /* DetailCategoryCellModel.swift in Sources */,
				9B563158224B7672005B41A6 /* SourcesContract.swift in Sources */,
				EDD2B190289B3A6F004DAC2D /* DetailUrlCellModel.swift in Sources */,
				1A75A84D224C3BC70033C852 /* ArticleCell.swift in Sources */,
				9B56315C224B76C4005B41A6 /* SourcesInteractorImpl.swift in Sources */,
				1A3F1A17224D3690008B1486 /* SourcesCell.swift in Sources */,
				1AB264E82265047700D298F4 /* Repository.swift in Sources */,
				9B5E70F4225F260100363A35 /* Extension.swift in Sources */,
				1A3266DA2254054D004F35A0 /* RequestKeysProtocol.swift in Sources */,
				9B788094224A14C600F7231A /* RootContract.swift in Sources */,
				9B56312F224B64B9005B41A6 /* HeaderPresenterImpl.swift in Sources */,
				9B56314E224B7512005B41A6 /* EverythingViewController.swift in Sources */,
				9B56314C224B74A3005B41A6 /* HeadersInteractorImpl.swift in Sources */,
				1A3F1A19224D3827008B1486 /* BaseSourcesViewController.swift in Sources */,
				EDD2B178289B0CD2004DAC2D /* DetailImageCellTableViewCell.swift in Sources */,
				9B67F39E2267012C004402FB /* LocalStorage.swift in Sources */,
				9B1C2AE5225F37DF002CEF80 /* BaseTableViewController.swift in Sources */,
				9B78808E224A144700F7231A /* RootPresenterImpl.swift in Sources */,
				9BEB17F8221C05CE003F8C9A /* AppDelegate.swift in Sources */,
				EDD2B186289B378A004DAC2D /* DetailAccentCell.swift in Sources */,
				9B56315F224B7C95005B41A6 /* HeaderCreator.swift in Sources */,
				9B11D179221EDB2500BFEBD4 /* NetworkServiceRx.swift in Sources */,
				EDD2B16C289ADFDA004DAC2D /* DetailViewController.swift in Sources */,
				9B11D17A221EDB2500BFEBD4 /* UrlRouter.swift in Sources */,
				1AF3B80A2226D911004FA784 /* MockNetworkTester.swift in Sources */,
				1A611C11224AE08B008E9D14 /* Source.swift in Sources */,
				1A611C0B224ADF7C008E9D14 /* Sources.swift in Sources */,
				1A918BAF22497E8D00D34DCE /* AuthUtil.swift in Sources */,
				EDD2B16F289ADFE8004DAC2D /* DetailPresenter.swift in Sources */,
				ED67A328289C448D009AFA4C /* DetailCategoryCell.swift in Sources */,
				EDD2B17F289B2CDF004DAC2D /* DetailTransparentCell.swift in Sources */,
				ED67A323289C3177009AFA4C /* DetailSourceViewController.swift in Sources */,
				1A611C0F224ADFEF008E9D14 /* Articles.swift in Sources */,
				1A75A84F224C45890033C852 /* DialogHelper.swift in Sources */,
				9B56312B224B62FB005B41A6 /* HeaderContract.swift in Sources */,
				1A3F1A11224D2B77008B1486 /* BaseArticleController.swift in Sources */,
				9B9AB2A522648F2A00712530 /* BaseDialogViewController.swift in Sources */,
			);
			runOnlyForDeploymentPostprocessing = 0;
		};
		9BEB1804221C05D0003F8C9A /* Sources */ = {
			isa = PBXSourcesBuildPhase;
			buildActionMask = 2147483647;
			files = (
				9BEB180D221C05D0003F8C9A /* EventsApplicationTests.swift in Sources */,
			);
			runOnlyForDeploymentPostprocessing = 0;
		};
		9BEB180F221C05D0003F8C9A /* Sources */ = {
			isa = PBXSourcesBuildPhase;
			buildActionMask = 2147483647;
			files = (
				9BEB1818221C05D0003F8C9A /* EventsApplicationUITests.swift in Sources */,
			);
			runOnlyForDeploymentPostprocessing = 0;
		};
/* End PBXSourcesBuildPhase section */

/* Begin PBXTargetDependency section */
		9BEB180A221C05D0003F8C9A /* PBXTargetDependency */ = {
			isa = PBXTargetDependency;
			target = 9BEB17F3221C05CE003F8C9A /* EventsApplication */;
			targetProxy = 9BEB1809221C05D0003F8C9A /* PBXContainerItemProxy */;
		};
		9BEB1815221C05D0003F8C9A /* PBXTargetDependency */ = {
			isa = PBXTargetDependency;
			target = 9BEB17F3221C05CE003F8C9A /* EventsApplication */;
			targetProxy = 9BEB1814221C05D0003F8C9A /* PBXContainerItemProxy */;
		};
/* End PBXTargetDependency section */

/* Begin PBXVariantGroup section */
		9BB5C1FE225F60AB0006A74E /* Localizable.strings */ = {
			isa = PBXVariantGroup;
			children = (
				9BB5C1FD225F60AB0006A74E /* ru */,
				9BB5C1FF225F60B70006A74E /* en */,
			);
			name = Localizable.strings;
			sourceTree = "<group>";
		};
		9BB5C202225F6D960006A74E /* SearchDialog.storyboard */ = {
			isa = PBXVariantGroup;
			children = (
				9BB5C201225F6D960006A74E /* Base */,
				9BC72DE6226E18C000538A0C /* ru */,
			);
			name = SearchDialog.storyboard;
			sourceTree = "<group>";
		};
		9BB5C207225F6E1A0006A74E /* SelectionDialog.storyboard */ = {
			isa = PBXVariantGroup;
			children = (
				9BB5C206225F6E1A0006A74E /* Base */,
				9BB5C209225F6E1D0006A74E /* ru */,
			);
			name = SelectionDialog.storyboard;
			sourceTree = "<group>";
		};
		9BB5C219225F72CE0006A74E /* EmptyView.xib */ = {
			isa = PBXVariantGroup;
			children = (
				9BB5C218225F72CE0006A74E /* Base */,
				9BB5C21B225F72D20006A74E /* ru */,
			);
			name = EmptyView.xib;
			sourceTree = "<group>";
		};
		9BB5C220225F74440006A74E /* InfoPlist.strings */ = {
			isa = PBXVariantGroup;
			children = (
				9BB5C21F225F74440006A74E /* ru */,
				9BB5C221225F744F0006A74E /* en */,
			);
			name = InfoPlist.strings;
			sourceTree = "<group>";
		};
		9BEB1800221C05CF003F8C9A /* LaunchScreen.storyboard */ = {
			isa = PBXVariantGroup;
			children = (
				9BEB1801221C05CF003F8C9A /* Base */,
			);
			name = LaunchScreen.storyboard;
			sourceTree = "<group>";
		};
/* End PBXVariantGroup section */

/* Begin XCBuildConfiguration section */
		9BEB181A221C05D0003F8C9A /* Debug */ = {
			isa = XCBuildConfiguration;
			buildSettings = {
				ALWAYS_SEARCH_USER_PATHS = NO;
				CLANG_ANALYZER_LOCALIZABILITY_NONLOCALIZED = YES;
				CLANG_ANALYZER_NONNULL = YES;
				CLANG_ANALYZER_NUMBER_OBJECT_CONVERSION = YES_AGGRESSIVE;
				CLANG_CXX_LANGUAGE_STANDARD = "gnu++14";
				CLANG_CXX_LIBRARY = "libc++";
				CLANG_ENABLE_MODULES = YES;
				CLANG_ENABLE_OBJC_ARC = YES;
				CLANG_ENABLE_OBJC_WEAK = YES;
				CLANG_WARN_BLOCK_CAPTURE_AUTORELEASING = YES;
				CLANG_WARN_BOOL_CONVERSION = YES;
				CLANG_WARN_COMMA = YES;
				CLANG_WARN_CONSTANT_CONVERSION = YES;
				CLANG_WARN_DEPRECATED_OBJC_IMPLEMENTATIONS = YES;
				CLANG_WARN_DIRECT_OBJC_ISA_USAGE = YES_ERROR;
				CLANG_WARN_DOCUMENTATION_COMMENTS = YES;
				CLANG_WARN_EMPTY_BODY = YES;
				CLANG_WARN_ENUM_CONVERSION = YES;
				CLANG_WARN_INFINITE_RECURSION = YES;
				CLANG_WARN_INT_CONVERSION = YES;
				CLANG_WARN_NON_LITERAL_NULL_CONVERSION = YES;
				CLANG_WARN_OBJC_IMPLICIT_RETAIN_SELF = YES;
				CLANG_WARN_OBJC_LITERAL_CONVERSION = YES;
				CLANG_WARN_OBJC_ROOT_CLASS = YES_ERROR;
				CLANG_WARN_RANGE_LOOP_ANALYSIS = YES;
				CLANG_WARN_STRICT_PROTOTYPES = YES;
				CLANG_WARN_SUSPICIOUS_MOVE = YES;
				CLANG_WARN_UNGUARDED_AVAILABILITY = YES_AGGRESSIVE;
				CLANG_WARN_UNREACHABLE_CODE = YES;
				CLANG_WARN__DUPLICATE_METHOD_MATCH = YES;
				CODE_SIGN_IDENTITY = "iPhone Developer";
				COPY_PHASE_STRIP = NO;
				DEBUG_INFORMATION_FORMAT = dwarf;
				ENABLE_STRICT_OBJC_MSGSEND = YES;
				ENABLE_TESTABILITY = YES;
				GCC_C_LANGUAGE_STANDARD = gnu11;
				GCC_DYNAMIC_NO_PIC = NO;
				GCC_NO_COMMON_BLOCKS = YES;
				GCC_OPTIMIZATION_LEVEL = 0;
				GCC_PREPROCESSOR_DEFINITIONS = (
					"DEBUG=1",
					"$(inherited)",
				);
				GCC_WARN_64_TO_32_BIT_CONVERSION = YES;
				GCC_WARN_ABOUT_RETURN_TYPE = YES_ERROR;
				GCC_WARN_UNDECLARED_SELECTOR = YES;
				GCC_WARN_UNINITIALIZED_AUTOS = YES_AGGRESSIVE;
				GCC_WARN_UNUSED_FUNCTION = YES;
				GCC_WARN_UNUSED_VARIABLE = YES;
				IPHONEOS_DEPLOYMENT_TARGET = 12.1;
				MTL_ENABLE_DEBUG_INFO = INCLUDE_SOURCE;
				MTL_FAST_MATH = YES;
				ONLY_ACTIVE_ARCH = YES;
				SDKROOT = iphoneos;
				SWIFT_ACTIVE_COMPILATION_CONDITIONS = DEBUG;
				SWIFT_OPTIMIZATION_LEVEL = "-Onone";
			};
			name = Debug;
		};
		9BEB181B221C05D0003F8C9A /* Release */ = {
			isa = XCBuildConfiguration;
			buildSettings = {
				ALWAYS_SEARCH_USER_PATHS = NO;
				CLANG_ANALYZER_LOCALIZABILITY_NONLOCALIZED = YES;
				CLANG_ANALYZER_NONNULL = YES;
				CLANG_ANALYZER_NUMBER_OBJECT_CONVERSION = YES_AGGRESSIVE;
				CLANG_CXX_LANGUAGE_STANDARD = "gnu++14";
				CLANG_CXX_LIBRARY = "libc++";
				CLANG_ENABLE_MODULES = YES;
				CLANG_ENABLE_OBJC_ARC = YES;
				CLANG_ENABLE_OBJC_WEAK = YES;
				CLANG_WARN_BLOCK_CAPTURE_AUTORELEASING = YES;
				CLANG_WARN_BOOL_CONVERSION = YES;
				CLANG_WARN_COMMA = YES;
				CLANG_WARN_CONSTANT_CONVERSION = YES;
				CLANG_WARN_DEPRECATED_OBJC_IMPLEMENTATIONS = YES;
				CLANG_WARN_DIRECT_OBJC_ISA_USAGE = YES_ERROR;
				CLANG_WARN_DOCUMENTATION_COMMENTS = YES;
				CLANG_WARN_EMPTY_BODY = YES;
				CLANG_WARN_ENUM_CONVERSION = YES;
				CLANG_WARN_INFINITE_RECURSION = YES;
				CLANG_WARN_INT_CONVERSION = YES;
				CLANG_WARN_NON_LITERAL_NULL_CONVERSION = YES;
				CLANG_WARN_OBJC_IMPLICIT_RETAIN_SELF = YES;
				CLANG_WARN_OBJC_LITERAL_CONVERSION = YES;
				CLANG_WARN_OBJC_ROOT_CLASS = YES_ERROR;
				CLANG_WARN_RANGE_LOOP_ANALYSIS = YES;
				CLANG_WARN_STRICT_PROTOTYPES = YES;
				CLANG_WARN_SUSPICIOUS_MOVE = YES;
				CLANG_WARN_UNGUARDED_AVAILABILITY = YES_AGGRESSIVE;
				CLANG_WARN_UNREACHABLE_CODE = YES;
				CLANG_WARN__DUPLICATE_METHOD_MATCH = YES;
				CODE_SIGN_IDENTITY = "iPhone Developer";
				COPY_PHASE_STRIP = NO;
				DEBUG_INFORMATION_FORMAT = "dwarf-with-dsym";
				ENABLE_NS_ASSERTIONS = NO;
				ENABLE_STRICT_OBJC_MSGSEND = YES;
				GCC_C_LANGUAGE_STANDARD = gnu11;
				GCC_NO_COMMON_BLOCKS = YES;
				GCC_WARN_64_TO_32_BIT_CONVERSION = YES;
				GCC_WARN_ABOUT_RETURN_TYPE = YES_ERROR;
				GCC_WARN_UNDECLARED_SELECTOR = YES;
				GCC_WARN_UNINITIALIZED_AUTOS = YES_AGGRESSIVE;
				GCC_WARN_UNUSED_FUNCTION = YES;
				GCC_WARN_UNUSED_VARIABLE = YES;
				IPHONEOS_DEPLOYMENT_TARGET = 12.1;
				MTL_ENABLE_DEBUG_INFO = NO;
				MTL_FAST_MATH = YES;
				SDKROOT = iphoneos;
				SWIFT_COMPILATION_MODE = wholemodule;
				SWIFT_OPTIMIZATION_LEVEL = "-O";
				VALIDATE_PRODUCT = YES;
			};
			name = Release;
		};
		9BEB181D221C05D0003F8C9A /* Debug */ = {
			isa = XCBuildConfiguration;
			baseConfigurationReference = 9DE1443A2FDAB8AF65DD72B5 /* Pods-EventsApplication.debug.xcconfig */;
			buildSettings = {
				ASSETCATALOG_COMPILER_APPICON_NAME = AppIcon;
				CODE_SIGN_STYLE = Automatic;
				DEVELOPMENT_TEAM = 5M2X2PH6A7;
				INFOPLIST_FILE = EventsApplication/Info.plist;
				LD_RUNPATH_SEARCH_PATHS = (
					"$(inherited)",
					"@executable_path/Frameworks",
				);
				PRODUCT_BUNDLE_IDENTIFIER = "com.ipinguin-linuxoid.EventsApplication";
				PRODUCT_NAME = "$(TARGET_NAME)";
				SWIFT_VERSION = 4.2;
				TARGETED_DEVICE_FAMILY = "1,2";
			};
			name = Debug;
		};
		9BEB181E221C05D0003F8C9A /* Release */ = {
			isa = XCBuildConfiguration;
			baseConfigurationReference = 690FACA11737355C05F058FD /* Pods-EventsApplication.release.xcconfig */;
			buildSettings = {
				ASSETCATALOG_COMPILER_APPICON_NAME = AppIcon;
				CODE_SIGN_STYLE = Automatic;
				DEVELOPMENT_TEAM = 5M2X2PH6A7;
				INFOPLIST_FILE = EventsApplication/Info.plist;
				LD_RUNPATH_SEARCH_PATHS = (
					"$(inherited)",
					"@executable_path/Frameworks",
				);
				PRODUCT_BUNDLE_IDENTIFIER = "com.ipinguin-linuxoid.EventsApplication";
				PRODUCT_NAME = "$(TARGET_NAME)";
				SWIFT_VERSION = 4.2;
				TARGETED_DEVICE_FAMILY = "1,2";
			};
			name = Release;
		};
		9BEB1820221C05D0003F8C9A /* Debug */ = {
			isa = XCBuildConfiguration;
			buildSettings = {
				ALWAYS_EMBED_SWIFT_STANDARD_LIBRARIES = YES;
				BUNDLE_LOADER = "$(TEST_HOST)";
				CODE_SIGN_STYLE = Automatic;
				DEVELOPMENT_TEAM = 5M2X2PH6A7;
				INFOPLIST_FILE = EventsApplicationTests/Info.plist;
				LD_RUNPATH_SEARCH_PATHS = (
					"$(inherited)",
					"@executable_path/Frameworks",
					"@loader_path/Frameworks",
				);
				PRODUCT_BUNDLE_IDENTIFIER = "com.ipinguin-linuxoid.EventsApplicationTests";
				PRODUCT_NAME = "$(TARGET_NAME)";
				SWIFT_VERSION = 4.2;
				TARGETED_DEVICE_FAMILY = "1,2";
				TEST_HOST = "$(BUILT_PRODUCTS_DIR)/EventsApplication.app/EventsApplication";
			};
			name = Debug;
		};
		9BEB1821221C05D0003F8C9A /* Release */ = {
			isa = XCBuildConfiguration;
			buildSettings = {
				ALWAYS_EMBED_SWIFT_STANDARD_LIBRARIES = YES;
				BUNDLE_LOADER = "$(TEST_HOST)";
				CODE_SIGN_STYLE = Automatic;
				DEVELOPMENT_TEAM = 5M2X2PH6A7;
				INFOPLIST_FILE = EventsApplicationTests/Info.plist;
				LD_RUNPATH_SEARCH_PATHS = (
					"$(inherited)",
					"@executable_path/Frameworks",
					"@loader_path/Frameworks",
				);
				PRODUCT_BUNDLE_IDENTIFIER = "com.ipinguin-linuxoid.EventsApplicationTests";
				PRODUCT_NAME = "$(TARGET_NAME)";
				SWIFT_VERSION = 4.2;
				TARGETED_DEVICE_FAMILY = "1,2";
				TEST_HOST = "$(BUILT_PRODUCTS_DIR)/EventsApplication.app/EventsApplication";
			};
			name = Release;
		};
		9BEB1823221C05D0003F8C9A /* Debug */ = {
			isa = XCBuildConfiguration;
			baseConfigurationReference = AC43CD9C8AB5AE50429C62F2 /* Pods-EventsApplicationUITests.debug.xcconfig */;
			buildSettings = {
				ALWAYS_EMBED_SWIFT_STANDARD_LIBRARIES = YES;
				CODE_SIGN_STYLE = Automatic;
				DEVELOPMENT_TEAM = 5M2X2PH6A7;
				INFOPLIST_FILE = EventsApplicationUITests/Info.plist;
				LD_RUNPATH_SEARCH_PATHS = (
					"$(inherited)",
					"@executable_path/Frameworks",
					"@loader_path/Frameworks",
				);
				PRODUCT_BUNDLE_IDENTIFIER = "com.ipinguin-linuxoid.EventsApplicationUITests";
				PRODUCT_NAME = "$(TARGET_NAME)";
				SWIFT_VERSION = 4.2;
				TARGETED_DEVICE_FAMILY = "1,2";
				TEST_TARGET_NAME = EventsApplication;
			};
			name = Debug;
		};
		9BEB1824221C05D0003F8C9A /* Release */ = {
			isa = XCBuildConfiguration;
			baseConfigurationReference = 6D4849D14C4D55568CB3C967 /* Pods-EventsApplicationUITests.release.xcconfig */;
			buildSettings = {
				ALWAYS_EMBED_SWIFT_STANDARD_LIBRARIES = YES;
				CODE_SIGN_STYLE = Automatic;
				DEVELOPMENT_TEAM = 5M2X2PH6A7;
				INFOPLIST_FILE = EventsApplicationUITests/Info.plist;
				LD_RUNPATH_SEARCH_PATHS = (
					"$(inherited)",
					"@executable_path/Frameworks",
					"@loader_path/Frameworks",
				);
				PRODUCT_BUNDLE_IDENTIFIER = "com.ipinguin-linuxoid.EventsApplicationUITests";
				PRODUCT_NAME = "$(TARGET_NAME)";
				SWIFT_VERSION = 4.2;
				TARGETED_DEVICE_FAMILY = "1,2";
				TEST_TARGET_NAME = EventsApplication;
			};
			name = Release;
		};
/* End XCBuildConfiguration section */

/* Begin XCConfigurationList section */
		9BEB17EF221C05CE003F8C9A /* Build configuration list for PBXProject "EventsApplication" */ = {
			isa = XCConfigurationList;
			buildConfigurations = (
				9BEB181A221C05D0003F8C9A /* Debug */,
				9BEB181B221C05D0003F8C9A /* Release */,
			);
			defaultConfigurationIsVisible = 0;
			defaultConfigurationName = Release;
		};
		9BEB181C221C05D0003F8C9A /* Build configuration list for PBXNativeTarget "EventsApplication" */ = {
			isa = XCConfigurationList;
			buildConfigurations = (
				9BEB181D221C05D0003F8C9A /* Debug */,
				9BEB181E221C05D0003F8C9A /* Release */,
			);
			defaultConfigurationIsVisible = 0;
			defaultConfigurationName = Release;
		};
		9BEB181F221C05D0003F8C9A /* Build configuration list for PBXNativeTarget "EventsApplicationTests" */ = {
			isa = XCConfigurationList;
			buildConfigurations = (
				9BEB1820221C05D0003F8C9A /* Debug */,
				9BEB1821221C05D0003F8C9A /* Release */,
			);
			defaultConfigurationIsVisible = 0;
			defaultConfigurationName = Release;
		};
		9BEB1822221C05D0003F8C9A /* Build configuration list for PBXNativeTarget "EventsApplicationUITests" */ = {
			isa = XCConfigurationList;
			buildConfigurations = (
				9BEB1823221C05D0003F8C9A /* Debug */,
				9BEB1824221C05D0003F8C9A /* Release */,
			);
			defaultConfigurationIsVisible = 0;
			defaultConfigurationName = Release;
		};
/* End XCConfigurationList section */

/* Begin XCRemoteSwiftPackageReference section */
		ED67A32C289C4FA0009AFA4C /* XCRemoteSwiftPackageReference "Alamofire" */ = {
			isa = XCRemoteSwiftPackageReference;
			repositoryURL = "https://github.com/Alamofire/Alamofire.git";
			requirement = {
				kind = upToNextMajorVersion;
				minimumVersion = 5.0.0;
			};
		};
/* End XCRemoteSwiftPackageReference section */

/* Begin XCSwiftPackageProductDependency section */
		ED67A32D289C4FA0009AFA4C /* Alamofire */ = {
			isa = XCSwiftPackageProductDependency;
			package = ED67A32C289C4FA0009AFA4C /* XCRemoteSwiftPackageReference "Alamofire" */;
			productName = Alamofire;
		};
/* End XCSwiftPackageProductDependency section */

/* Begin XCVersionGroup section */
		9B78182D2266161A00C0E4ED /* NewsModel.xcdatamodeld */ = {
			isa = XCVersionGroup;
			children = (
				9B78182E2266161A00C0E4ED /* NewsModel.xcdatamodel */,
			);
			currentVersion = 9B78182E2266161A00C0E4ED /* NewsModel.xcdatamodel */;
			path = NewsModel.xcdatamodeld;
			sourceTree = "<group>";
			versionGroupType = wrapper.xcdatamodel;
		};
/* End XCVersionGroup section */
	};
	rootObject = 9BEB17EC221C05CE003F8C9A /* Project object */;
}
