// !$*UTF8*$!
{
	archiveVersion = 1;
	classes = {
	};
	objectVersion = 50;
	objects = {

/* Begin PBXBuildFile section */
		17EEA6E68486C94B3FF50A04 /* Pods_EventsApplicationUITests.framework in Frameworks */ = {isa = PBXBuildFile; fileRef = 75A050619A96C1E69E44BAFD /* Pods_EventsApplicationUITests.framework */; };
		1A3266DA2254054D004F35A0 /* RequestKeysProtocol.swift in Sources */ = {isa = PBXBuildFile; fileRef = 1A3266D92254054D004F35A0 /* RequestKeysProtocol.swift */; };
		1A3F19F7224D13AE008B1486 /* ArticleDetailContract.swift in Sources */ = {isa = PBXBuildFile; fileRef = 1A3F19F6224D13AE008B1486 /* ArticleDetailContract.swift */; };
		1A3F19F9224D1695008B1486 /* ArticleDetailViewController.swift in Sources */ = {isa = PBXBuildFile; fileRef = 1A3F19F8224D1695008B1486 /* ArticleDetailViewController.swift */; };
		1A3F1A01224D17E5008B1486 /* SourceDetailContract.swift in Sources */ = {isa = PBXBuildFile; fileRef = 1A3F1A00224D17E5008B1486 /* SourceDetailContract.swift */; };
		1A3F1A03224D184A008B1486 /* SourceDetailInteractorImpl.swift in Sources */ = {isa = PBXBuildFile; fileRef = 1A3F1A02224D184A008B1486 /* SourceDetailInteractorImpl.swift */; };
		1A3F1A05224D1879008B1486 /* SourceDetailPresenterImpl.swift in Sources */ = {isa = PBXBuildFile; fileRef = 1A3F1A04224D1879008B1486 /* SourceDetailPresenterImpl.swift */; };
		1A3F1A07224D1943008B1486 /* SourcesDetailViewController.swift in Sources */ = {isa = PBXBuildFile; fileRef = 1A3F1A06224D1943008B1486 /* SourcesDetailViewController.swift */; };
		1A3F1A09224D19A5008B1486 /* SourcesDetail.storyboard in Resources */ = {isa = PBXBuildFile; fileRef = 1A3F1A08224D19A5008B1486 /* SourcesDetail.storyboard */; };
		1A3F1A0B224D19D9008B1486 /* SourcesDetailCreator.swift in Sources */ = {isa = PBXBuildFile; fileRef = 1A3F1A0A224D19D9008B1486 /* SourcesDetailCreator.swift */; };
		1A3F1A0D224D1D3A008B1486 /* ArticleCell.xib in Resources */ = {isa = PBXBuildFile; fileRef = 1A3F1A0C224D1D3A008B1486 /* ArticleCell.xib */; };
		1A3F1A11224D2B77008B1486 /* BaseArticleController.swift in Sources */ = {isa = PBXBuildFile; fileRef = 1A3F1A10224D2B77008B1486 /* BaseArticleController.swift */; };
		1A3F1A15224D34F9008B1486 /* SourcesCell.xib in Resources */ = {isa = PBXBuildFile; fileRef = 1A3F1A14224D34F9008B1486 /* SourcesCell.xib */; };
		1A3F1A17224D3690008B1486 /* SourcesCell.swift in Sources */ = {isa = PBXBuildFile; fileRef = 1A3F1A16224D3690008B1486 /* SourcesCell.swift */; };
		1A3F1A19224D3827008B1486 /* BaseSourcesViewController.swift in Sources */ = {isa = PBXBuildFile; fileRef = 1A3F1A18224D3827008B1486 /* BaseSourcesViewController.swift */; };
		1A3F1A1C224D412A008B1486 /* EmptyView.xib in Resources */ = {isa = PBXBuildFile; fileRef = 1A3F1A1B224D412A008B1486 /* EmptyView.xib */; };
		1A3F1A1E224D413B008B1486 /* EmptyView.swift in Sources */ = {isa = PBXBuildFile; fileRef = 1A3F1A1D224D413B008B1486 /* EmptyView.swift */; };
		1A611C0B224ADF7C008E9D14 /* Sources.swift in Sources */ = {isa = PBXBuildFile; fileRef = 1A611C0A224ADF7C008E9D14 /* Sources.swift */; };
		1A611C0D224ADFCD008E9D14 /* Json4Swift_Base.swift in Sources */ = {isa = PBXBuildFile; fileRef = 1A611C0C224ADFCD008E9D14 /* Json4Swift_Base.swift */; };
		1A611C0F224ADFEF008E9D14 /* Articles.swift in Sources */ = {isa = PBXBuildFile; fileRef = 1A611C0E224ADFEF008E9D14 /* Articles.swift */; };
		1A611C11224AE08B008E9D14 /* Source.swift in Sources */ = {isa = PBXBuildFile; fileRef = 1A611C10224AE08B008E9D14 /* Source.swift */; };
		1A69B9C4224F65EA00DD811C /* DateTimeUtil.swift in Sources */ = {isa = PBXBuildFile; fileRef = 1A69B9C3224F65EA00DD811C /* DateTimeUtil.swift */; };
		1A75A84D224C3BC70033C852 /* ArticleCell.swift in Sources */ = {isa = PBXBuildFile; fileRef = 1A75A84C224C3BC70033C852 /* ArticleCell.swift */; };
		1A75A84F224C45890033C852 /* DialogHelper.swift in Sources */ = {isa = PBXBuildFile; fileRef = 1A75A84E224C45890033C852 /* DialogHelper.swift */; };
		1A918BAC224971C400D34DCE /* ValueForSelector.swift in Sources */ = {isa = PBXBuildFile; fileRef = 1A918BAB224971C400D34DCE /* ValueForSelector.swift */; };
		1A918BAF22497E8D00D34DCE /* AuthUtil.swift in Sources */ = {isa = PBXBuildFile; fileRef = 1A918BAE22497E8D00D34DCE /* AuthUtil.swift */; };
		1AF3B80A2226D911004FA784 /* MockNetworkTester.swift in Sources */ = {isa = PBXBuildFile; fileRef = 1AF3B8092226D911004FA784 /* MockNetworkTester.swift */; };
		1AF63CBC2226FCD700CB7466 /* to read.swift in Sources */ = {isa = PBXBuildFile; fileRef = 1AF63CBB2226FCD700CB7466 /* to read.swift */; };
		5142D2325929E234439D3E1E /* Pods_EventsApplication.framework in Frameworks */ = {isa = PBXBuildFile; fileRef = 14362051047C402913B017BC /* Pods_EventsApplication.framework */; };
		9B11D179221EDB2500BFEBD4 /* NetworkServiceRx.swift in Sources */ = {isa = PBXBuildFile; fileRef = 9B11D177221EDB2500BFEBD4 /* NetworkServiceRx.swift */; };
		9B11D17A221EDB2500BFEBD4 /* UrlRouter.swift in Sources */ = {isa = PBXBuildFile; fileRef = 9B11D178221EDB2500BFEBD4 /* UrlRouter.swift */; };
		9B1C2AE5225F37DF002CEF80 /* BaseTableViewController.swift in Sources */ = {isa = PBXBuildFile; fileRef = 9B1C2AE4225F37DF002CEF80 /* BaseTableViewController.swift */; };
		9B257EDD225DFEC20026C460 /* UIBluredStackView.swift in Sources */ = {isa = PBXBuildFile; fileRef = 9B257EDC225DFEC20026C460 /* UIBluredStackView.swift */; };
		9B50C465225231F100C720E7 /* UISearchDialog.swift in Sources */ = {isa = PBXBuildFile; fileRef = 9B50C464225231F100C720E7 /* UISearchDialog.swift */; };
		9B56312B224B62FB005B41A6 /* HeaderContract.swift in Sources */ = {isa = PBXBuildFile; fileRef = 9B56312A224B62FB005B41A6 /* HeaderContract.swift */; };
		9B56312F224B64B9005B41A6 /* HeaderPresenterImpl.swift in Sources */ = {isa = PBXBuildFile; fileRef = 9B56312E224B64B9005B41A6 /* HeaderPresenterImpl.swift */; };
		9B56313B224B6CD6005B41A6 /* Headers.storyboard in Resources */ = {isa = PBXBuildFile; fileRef = 9B56313A224B6CD6005B41A6 /* Headers.storyboard */; };
		9B56313D224B6D11005B41A6 /* Everything.storyboard in Resources */ = {isa = PBXBuildFile; fileRef = 9B56313C224B6D11005B41A6 /* Everything.storyboard */; };
		9B56313F224B6D32005B41A6 /* Sources.storyboard in Resources */ = {isa = PBXBuildFile; fileRef = 9B56313E224B6D32005B41A6 /* Sources.storyboard */; };
		9B563146224B73BA005B41A6 /* EverythingCreator.swift in Sources */ = {isa = PBXBuildFile; fileRef = 9B563145224B73BA005B41A6 /* EverythingCreator.swift */; };
		9B563148224B73EE005B41A6 /* SourcesCreator.swift in Sources */ = {isa = PBXBuildFile; fileRef = 9B563147224B73EE005B41A6 /* SourcesCreator.swift */; };
		9B56314A224B7435005B41A6 /* HeaderViewController.swift in Sources */ = {isa = PBXBuildFile; fileRef = 9B563149224B7435005B41A6 /* HeaderViewController.swift */; };
		9B56314C224B74A3005B41A6 /* HeadersInteractorImpl.swift in Sources */ = {isa = PBXBuildFile; fileRef = 9B56314B224B74A3005B41A6 /* HeadersInteractorImpl.swift */; };
		9B56314E224B7512005B41A6 /* EverythingViewController.swift in Sources */ = {isa = PBXBuildFile; fileRef = 9B56314D224B7512005B41A6 /* EverythingViewController.swift */; };
		9B563150224B7579005B41A6 /* EverythingPresenterImpl.swift in Sources */ = {isa = PBXBuildFile; fileRef = 9B56314F224B7579005B41A6 /* EverythingPresenterImpl.swift */; };
		9B563152224B75BB005B41A6 /* EverythingContract.swift in Sources */ = {isa = PBXBuildFile; fileRef = 9B563151224B75BB005B41A6 /* EverythingContract.swift */; };
		9B563154224B75F5005B41A6 /* EverythingInteractorImpl.swift in Sources */ = {isa = PBXBuildFile; fileRef = 9B563153224B75F5005B41A6 /* EverythingInteractorImpl.swift */; };
		9B563156224B764B005B41A6 /* SourceViewController.swift in Sources */ = {isa = PBXBuildFile; fileRef = 9B563155224B764B005B41A6 /* SourceViewController.swift */; };
		9B563158224B7672005B41A6 /* SourcesContract.swift in Sources */ = {isa = PBXBuildFile; fileRef = 9B563157224B7672005B41A6 /* SourcesContract.swift */; };
		9B56315A224B769E005B41A6 /* SourcesPresenterImpl.swift in Sources */ = {isa = PBXBuildFile; fileRef = 9B563159224B769E005B41A6 /* SourcesPresenterImpl.swift */; };
		9B56315C224B76C4005B41A6 /* SourcesInteractorImpl.swift in Sources */ = {isa = PBXBuildFile; fileRef = 9B56315B224B76C4005B41A6 /* SourcesInteractorImpl.swift */; };
		9B56315F224B7C95005B41A6 /* HeaderCreator.swift in Sources */ = {isa = PBXBuildFile; fileRef = 9B56315E224B7C95005B41A6 /* HeaderCreator.swift */; };
		9B5E70F4225F260100363A35 /* Extension.swift in Sources */ = {isa = PBXBuildFile; fileRef = 9B5E70F3225F260100363A35 /* Extension.swift */; };
		9B6FB7AF225B2B5D00439F98 /* TestViewController.swift in Sources */ = {isa = PBXBuildFile; fileRef = 9B6FB7AE225B2B5D00439F98 /* TestViewController.swift */; };
		9B6FB7B1225B2B6900439F98 /* test.storyboard in Resources */ = {isa = PBXBuildFile; fileRef = 9B6FB7B0225B2B6900439F98 /* test.storyboard */; };
		9B6FB7B3225B2B9800439F98 /* TestViewCreator.swift in Sources */ = {isa = PBXBuildFile; fileRef = 9B6FB7B2225B2B9800439F98 /* TestViewCreator.swift */; };
		9B6FB7B6225B75D900439F98 /* BaseCell.swift in Sources */ = {isa = PBXBuildFile; fileRef = 9B6FB7B5225B75D900439F98 /* BaseCell.swift */; };
		9B6FB7B8225B830C00439F98 /* ColorTheme.xcassets in Resources */ = {isa = PBXBuildFile; fileRef = 9B6FB7B7225B830C00439F98 /* ColorTheme.xcassets */; };
		9B6FB7BC225B906300439F98 /* UIPicturedScrollView.swift in Sources */ = {isa = PBXBuildFile; fileRef = 9B6FB7BB225B906300439F98 /* UIPicturedScrollView.swift */; };
		9B78808B224A13F600F7231A /* RootInteractorImpl.swift in Sources */ = {isa = PBXBuildFile; fileRef = 9B78808A224A13F600F7231A /* RootInteractorImpl.swift */; };
		9B78808E224A144700F7231A /* RootPresenterImpl.swift in Sources */ = {isa = PBXBuildFile; fileRef = 9B78808D224A144700F7231A /* RootPresenterImpl.swift */; };
		9B788091224A149500F7231A /* RootCreator.swift in Sources */ = {isa = PBXBuildFile; fileRef = 9B788090224A149500F7231A /* RootCreator.swift */; };
		9B788094224A14C600F7231A /* RootContract.swift in Sources */ = {isa = PBXBuildFile; fileRef = 9B788093224A14C600F7231A /* RootContract.swift */; };
		9B788097224A14F000F7231A /* RootViewController.swift in Sources */ = {isa = PBXBuildFile; fileRef = 9B788096224A14F000F7231A /* RootViewController.swift */; };
		9B788099224A151000F7231A /* Root.storyboard in Resources */ = {isa = PBXBuildFile; fileRef = 9B788098224A151000F7231A /* Root.storyboard */; };
		9B84A4FD224CC4A400E747FC /* ArticleDetailInteractorImpl.swift in Sources */ = {isa = PBXBuildFile; fileRef = 9B84A4FC224CC4A400E747FC /* ArticleDetailInteractorImpl.swift */; };
		9B84A4FF224CC4EA00E747FC /* ArticleDetailPresenterImpl.swift in Sources */ = {isa = PBXBuildFile; fileRef = 9B84A4FE224CC4EA00E747FC /* ArticleDetailPresenterImpl.swift */; };
		9B84A503224CC63C00E747FC /* ArticleDetail.storyboard in Resources */ = {isa = PBXBuildFile; fileRef = 9B84A502224CC63C00E747FC /* ArticleDetail.storyboard */; };
		9B84A505224CC6A000E747FC /* ArticleDetailCreator.swift in Sources */ = {isa = PBXBuildFile; fileRef = 9B84A504224CC6A000E747FC /* ArticleDetailCreator.swift */; };
		9B966244221ED556008C512D /* BaseCreator.swift in Sources */ = {isa = PBXBuildFile; fileRef = 9B966243221ED556008C512D /* BaseCreator.swift */; };
		9B966247221ED5B7008C512D /* ApplicationNavigator.swift in Sources */ = {isa = PBXBuildFile; fileRef = 9B966246221ED5B7008C512D /* ApplicationNavigator.swift */; };
		9B9EB5A32251E94A00570C37 /* UISelectionDialog.swift in Sources */ = {isa = PBXBuildFile; fileRef = 9B9EB5A22251E94A00570C37 /* UISelectionDialog.swift */; };
		9BB5C1FC225F60AB0006A74E /* Localizable.strings in Resources */ = {isa = PBXBuildFile; fileRef = 9BB5C1FE225F60AB0006A74E /* Localizable.strings */; };
		9BB5C200225F6D960006A74E /* SearchDialog.storyboard in Resources */ = {isa = PBXBuildFile; fileRef = 9BB5C202225F6D960006A74E /* SearchDialog.storyboard */; };
		9BB5C205225F6E1A0006A74E /* SelectionDialog.storyboard in Resources */ = {isa = PBXBuildFile; fileRef = 9BB5C207225F6E1A0006A74E /* SelectionDialog.storyboard */; };
		9BEB17F8221C05CE003F8C9A /* AppDelegate.swift in Sources */ = {isa = PBXBuildFile; fileRef = 9BEB17F7221C05CE003F8C9A /* AppDelegate.swift */; };
		9BEB17FF221C05CF003F8C9A /* Assets.xcassets in Resources */ = {isa = PBXBuildFile; fileRef = 9BEB17FE221C05CF003F8C9A /* Assets.xcassets */; };
		9BEB1802221C05CF003F8C9A /* LaunchScreen.storyboard in Resources */ = {isa = PBXBuildFile; fileRef = 9BEB1800221C05CF003F8C9A /* LaunchScreen.storyboard */; };
		9BEB180D221C05D0003F8C9A /* EventsApplicationTests.swift in Sources */ = {isa = PBXBuildFile; fileRef = 9BEB180C221C05D0003F8C9A /* EventsApplicationTests.swift */; };
		9BEB1818221C05D0003F8C9A /* EventsApplicationUITests.swift in Sources */ = {isa = PBXBuildFile; fileRef = 9BEB1817221C05D0003F8C9A /* EventsApplicationUITests.swift */; };
/* End PBXBuildFile section */

/* Begin PBXContainerItemProxy section */
		9BEB1809221C05D0003F8C9A /* PBXContainerItemProxy */ = {
			isa = PBXContainerItemProxy;
			containerPortal = 9BEB17EC221C05CE003F8C9A /* Project object */;
			proxyType = 1;
			remoteGlobalIDString = 9BEB17F3221C05CE003F8C9A;
			remoteInfo = EventsApplication;
		};
		9BEB1814221C05D0003F8C9A /* PBXContainerItemProxy */ = {
			isa = PBXContainerItemProxy;
			containerPortal = 9BEB17EC221C05CE003F8C9A /* Project object */;
			proxyType = 1;
			remoteGlobalIDString = 9BEB17F3221C05CE003F8C9A;
			remoteInfo = EventsApplication;
		};
/* End PBXContainerItemProxy section */

/* Begin PBXFileReference section */
		14362051047C402913B017BC /* Pods_EventsApplication.framework */ = {isa = PBXFileReference; explicitFileType = wrapper.framework; includeInIndex = 0; path = Pods_EventsApplication.framework; sourceTree = BUILT_PRODUCTS_DIR; };
		1A3266D92254054D004F35A0 /* RequestKeysProtocol.swift */ = {isa = PBXFileReference; lastKnownFileType = sourcecode.swift; path = RequestKeysProtocol.swift; sourceTree = "<group>"; };
		1A3F19F6224D13AE008B1486 /* ArticleDetailContract.swift */ = {isa = PBXFileReference; lastKnownFileType = sourcecode.swift; path = ArticleDetailContract.swift; sourceTree = "<group>"; };
		1A3F19F8224D1695008B1486 /* ArticleDetailViewController.swift */ = {isa = PBXFileReference; lastKnownFileType = sourcecode.swift; path = ArticleDetailViewController.swift; sourceTree = "<group>"; };
		1A3F1A00224D17E5008B1486 /* SourceDetailContract.swift */ = {isa = PBXFileReference; lastKnownFileType = sourcecode.swift; path = SourceDetailContract.swift; sourceTree = "<group>"; };
		1A3F1A02224D184A008B1486 /* SourceDetailInteractorImpl.swift */ = {isa = PBXFileReference; lastKnownFileType = sourcecode.swift; path = SourceDetailInteractorImpl.swift; sourceTree = "<group>"; };
		1A3F1A04224D1879008B1486 /* SourceDetailPresenterImpl.swift */ = {isa = PBXFileReference; lastKnownFileType = sourcecode.swift; path = SourceDetailPresenterImpl.swift; sourceTree = "<group>"; };
		1A3F1A06224D1943008B1486 /* SourcesDetailViewController.swift */ = {isa = PBXFileReference; lastKnownFileType = sourcecode.swift; path = SourcesDetailViewController.swift; sourceTree = "<group>"; };
		1A3F1A08224D19A5008B1486 /* SourcesDetail.storyboard */ = {isa = PBXFileReference; lastKnownFileType = file.storyboard; path = SourcesDetail.storyboard; sourceTree = "<group>"; };
		1A3F1A0A224D19D9008B1486 /* SourcesDetailCreator.swift */ = {isa = PBXFileReference; lastKnownFileType = sourcecode.swift; path = SourcesDetailCreator.swift; sourceTree = "<group>"; };
		1A3F1A0C224D1D3A008B1486 /* ArticleCell.xib */ = {isa = PBXFileReference; lastKnownFileType = file.xib; path = ArticleCell.xib; sourceTree = "<group>"; };
		1A3F1A10224D2B77008B1486 /* BaseArticleController.swift */ = {isa = PBXFileReference; lastKnownFileType = sourcecode.swift; path = BaseArticleController.swift; sourceTree = "<group>"; };
		1A3F1A14224D34F9008B1486 /* SourcesCell.xib */ = {isa = PBXFileReference; lastKnownFileType = file.xib; path = SourcesCell.xib; sourceTree = "<group>"; };
		1A3F1A16224D3690008B1486 /* SourcesCell.swift */ = {isa = PBXFileReference; lastKnownFileType = sourcecode.swift; path = SourcesCell.swift; sourceTree = "<group>"; };
		1A3F1A18224D3827008B1486 /* BaseSourcesViewController.swift */ = {isa = PBXFileReference; lastKnownFileType = sourcecode.swift; path = BaseSourcesViewController.swift; sourceTree = "<group>"; };
		1A3F1A1B224D412A008B1486 /* EmptyView.xib */ = {isa = PBXFileReference; lastKnownFileType = file.xib; path = EmptyView.xib; sourceTree = "<group>"; };
		1A3F1A1D224D413B008B1486 /* EmptyView.swift */ = {isa = PBXFileReference; lastKnownFileType = sourcecode.swift; path = EmptyView.swift; sourceTree = "<group>"; };
		1A611C0A224ADF7C008E9D14 /* Sources.swift */ = {isa = PBXFileReference; lastKnownFileType = sourcecode.swift; path = Sources.swift; sourceTree = "<group>"; };
		1A611C0C224ADFCD008E9D14 /* Json4Swift_Base.swift */ = {isa = PBXFileReference; lastKnownFileType = sourcecode.swift; path = Json4Swift_Base.swift; sourceTree = "<group>"; };
		1A611C0E224ADFEF008E9D14 /* Articles.swift */ = {isa = PBXFileReference; lastKnownFileType = sourcecode.swift; path = Articles.swift; sourceTree = "<group>"; };
		1A611C10224AE08B008E9D14 /* Source.swift */ = {isa = PBXFileReference; lastKnownFileType = sourcecode.swift; path = Source.swift; sourceTree = "<group>"; };
		1A69B9C3224F65EA00DD811C /* DateTimeUtil.swift */ = {isa = PBXFileReference; lastKnownFileType = sourcecode.swift; path = DateTimeUtil.swift; sourceTree = "<group>"; };
		1A75A84C224C3BC70033C852 /* ArticleCell.swift */ = {isa = PBXFileReference; lastKnownFileType = sourcecode.swift; path = ArticleCell.swift; sourceTree = "<group>"; };
		1A75A84E224C45890033C852 /* DialogHelper.swift */ = {isa = PBXFileReference; lastKnownFileType = sourcecode.swift; path = DialogHelper.swift; sourceTree = "<group>"; };
		1A918BAB224971C400D34DCE /* ValueForSelector.swift */ = {isa = PBXFileReference; lastKnownFileType = sourcecode.swift; path = ValueForSelector.swift; sourceTree = "<group>"; };
		1A918BAE22497E8D00D34DCE /* AuthUtil.swift */ = {isa = PBXFileReference; lastKnownFileType = sourcecode.swift; path = AuthUtil.swift; sourceTree = "<group>"; };
		1AF3B8092226D911004FA784 /* MockNetworkTester.swift */ = {isa = PBXFileReference; lastKnownFileType = sourcecode.swift; path = MockNetworkTester.swift; sourceTree = "<group>"; };
		1AF63CBB2226FCD700CB7466 /* to read.swift */ = {isa = PBXFileReference; lastKnownFileType = sourcecode.swift; path = "to read.swift"; sourceTree = "<group>"; };
		690FACA11737355C05F058FD /* Pods-EventsApplication.release.xcconfig */ = {isa = PBXFileReference; includeInIndex = 1; lastKnownFileType = text.xcconfig; name = "Pods-EventsApplication.release.xcconfig"; path = "Pods/Target Support Files/Pods-EventsApplication/Pods-EventsApplication.release.xcconfig"; sourceTree = "<group>"; };
		6D4849D14C4D55568CB3C967 /* Pods-EventsApplicationUITests.release.xcconfig */ = {isa = PBXFileReference; includeInIndex = 1; lastKnownFileType = text.xcconfig; name = "Pods-EventsApplicationUITests.release.xcconfig"; path = "Pods/Target Support Files/Pods-EventsApplicationUITests/Pods-EventsApplicationUITests.release.xcconfig"; sourceTree = "<group>"; };
		75A050619A96C1E69E44BAFD /* Pods_EventsApplicationUITests.framework */ = {isa = PBXFileReference; explicitFileType = wrapper.framework; includeInIndex = 0; path = Pods_EventsApplicationUITests.framework; sourceTree = BUILT_PRODUCTS_DIR; };
		9B11D177221EDB2500BFEBD4 /* NetworkServiceRx.swift */ = {isa = PBXFileReference; fileEncoding = 4; lastKnownFileType = sourcecode.swift; path = NetworkServiceRx.swift; sourceTree = "<group>"; };
		9B11D178221EDB2500BFEBD4 /* UrlRouter.swift */ = {isa = PBXFileReference; fileEncoding = 4; lastKnownFileType = sourcecode.swift; path = UrlRouter.swift; sourceTree = "<group>"; };
		9B1C2AE4225F37DF002CEF80 /* BaseTableViewController.swift */ = {isa = PBXFileReference; lastKnownFileType = sourcecode.swift; path = BaseTableViewController.swift; sourceTree = "<group>"; };
		9B257EDC225DFEC20026C460 /* UIBluredStackView.swift */ = {isa = PBXFileReference; lastKnownFileType = sourcecode.swift; path = UIBluredStackView.swift; sourceTree = "<group>"; };
		9B50C464225231F100C720E7 /* UISearchDialog.swift */ = {isa = PBXFileReference; lastKnownFileType = sourcecode.swift; path = UISearchDialog.swift; sourceTree = "<group>"; };
		9B56312A224B62FB005B41A6 /* HeaderContract.swift */ = {isa = PBXFileReference; lastKnownFileType = sourcecode.swift; path = HeaderContract.swift; sourceTree = "<group>"; };
		9B56312E224B64B9005B41A6 /* HeaderPresenterImpl.swift */ = {isa = PBXFileReference; lastKnownFileType = sourcecode.swift; path = HeaderPresenterImpl.swift; sourceTree = "<group>"; };
		9B56313A224B6CD6005B41A6 /* Headers.storyboard */ = {isa = PBXFileReference; lastKnownFileType = file.storyboard; path = Headers.storyboard; sourceTree = "<group>"; };
		9B56313C224B6D11005B41A6 /* Everything.storyboard */ = {isa = PBXFileReference; lastKnownFileType = file.storyboard; path = Everything.storyboard; sourceTree = "<group>"; };
		9B56313E224B6D32005B41A6 /* Sources.storyboard */ = {isa = PBXFileReference; lastKnownFileType = file.storyboard; path = Sources.storyboard; sourceTree = "<group>"; };
		9B563145224B73BA005B41A6 /* EverythingCreator.swift */ = {isa = PBXFileReference; lastKnownFileType = sourcecode.swift; path = EverythingCreator.swift; sourceTree = "<group>"; };
		9B563147224B73EE005B41A6 /* SourcesCreator.swift */ = {isa = PBXFileReference; lastKnownFileType = sourcecode.swift; path = SourcesCreator.swift; sourceTree = "<group>"; };
		9B563149224B7435005B41A6 /* HeaderViewController.swift */ = {isa = PBXFileReference; lastKnownFileType = sourcecode.swift; path = HeaderViewController.swift; sourceTree = "<group>"; };
		9B56314B224B74A3005B41A6 /* HeadersInteractorImpl.swift */ = {isa = PBXFileReference; lastKnownFileType = sourcecode.swift; path = HeadersInteractorImpl.swift; sourceTree = "<group>"; };
		9B56314D224B7512005B41A6 /* EverythingViewController.swift */ = {isa = PBXFileReference; lastKnownFileType = sourcecode.swift; path = EverythingViewController.swift; sourceTree = "<group>"; };
		9B56314F224B7579005B41A6 /* EverythingPresenterImpl.swift */ = {isa = PBXFileReference; lastKnownFileType = sourcecode.swift; path = EverythingPresenterImpl.swift; sourceTree = "<group>"; };
		9B563151224B75BB005B41A6 /* EverythingContract.swift */ = {isa = PBXFileReference; lastKnownFileType = sourcecode.swift; path = EverythingContract.swift; sourceTree = "<group>"; };
		9B563153224B75F5005B41A6 /* EverythingInteractorImpl.swift */ = {isa = PBXFileReference; lastKnownFileType = sourcecode.swift; path = EverythingInteractorImpl.swift; sourceTree = "<group>"; };
		9B563155224B764B005B41A6 /* SourceViewController.swift */ = {isa = PBXFileReference; lastKnownFileType = sourcecode.swift; path = SourceViewController.swift; sourceTree = "<group>"; };
		9B563157224B7672005B41A6 /* SourcesContract.swift */ = {isa = PBXFileReference; lastKnownFileType = sourcecode.swift; path = SourcesContract.swift; sourceTree = "<group>"; };
		9B563159224B769E005B41A6 /* SourcesPresenterImpl.swift */ = {isa = PBXFileReference; lastKnownFileType = sourcecode.swift; path = SourcesPresenterImpl.swift; sourceTree = "<group>"; };
		9B56315B224B76C4005B41A6 /* SourcesInteractorImpl.swift */ = {isa = PBXFileReference; lastKnownFileType = sourcecode.swift; path = SourcesInteractorImpl.swift; sourceTree = "<group>"; };
		9B56315E224B7C95005B41A6 /* HeaderCreator.swift */ = {isa = PBXFileReference; lastKnownFileType = sourcecode.swift; path = HeaderCreator.swift; sourceTree = "<group>"; };
		9B5E70F3225F260100363A35 /* Extension.swift */ = {isa = PBXFileReference; lastKnownFileType = sourcecode.swift; path = Extension.swift; sourceTree = "<group>"; };
		9B6FB7AE225B2B5D00439F98 /* TestViewController.swift */ = {isa = PBXFileReference; lastKnownFileType = sourcecode.swift; path = TestViewController.swift; sourceTree = "<group>"; };
		9B6FB7B0225B2B6900439F98 /* test.storyboard */ = {isa = PBXFileReference; lastKnownFileType = file.storyboard; path = test.storyboard; sourceTree = "<group>"; };
		9B6FB7B2225B2B9800439F98 /* TestViewCreator.swift */ = {isa = PBXFileReference; lastKnownFileType = sourcecode.swift; path = TestViewCreator.swift; sourceTree = "<group>"; };
		9B6FB7B5225B75D900439F98 /* BaseCell.swift */ = {isa = PBXFileReference; lastKnownFileType = sourcecode.swift; path = BaseCell.swift; sourceTree = "<group>"; };
		9B6FB7B7225B830C00439F98 /* ColorTheme.xcassets */ = {isa = PBXFileReference; lastKnownFileType = folder.assetcatalog; path = ColorTheme.xcassets; sourceTree = "<group>"; };
		9B6FB7BB225B906300439F98 /* UIPicturedScrollView.swift */ = {isa = PBXFileReference; lastKnownFileType = sourcecode.swift; path = UIPicturedScrollView.swift; sourceTree = "<group>"; };
		9B78808A224A13F600F7231A /* RootInteractorImpl.swift */ = {isa = PBXFileReference; lastKnownFileType = sourcecode.swift; path = RootInteractorImpl.swift; sourceTree = "<group>"; };
		9B78808D224A144700F7231A /* RootPresenterImpl.swift */ = {isa = PBXFileReference; lastKnownFileType = sourcecode.swift; path = RootPresenterImpl.swift; sourceTree = "<group>"; };
		9B788090224A149500F7231A /* RootCreator.swift */ = {isa = PBXFileReference; lastKnownFileType = sourcecode.swift; path = RootCreator.swift; sourceTree = "<group>"; };
		9B788093224A14C600F7231A /* RootContract.swift */ = {isa = PBXFileReference; lastKnownFileType = sourcecode.swift; path = RootContract.swift; sourceTree = "<group>"; };
		9B788096224A14F000F7231A /* RootViewController.swift */ = {isa = PBXFileReference; lastKnownFileType = sourcecode.swift; path = RootViewController.swift; sourceTree = "<group>"; };
		9B788098224A151000F7231A /* Root.storyboard */ = {isa = PBXFileReference; lastKnownFileType = file.storyboard; path = Root.storyboard; sourceTree = "<group>"; };
		9B84A4FC224CC4A400E747FC /* ArticleDetailInteractorImpl.swift */ = {isa = PBXFileReference; lastKnownFileType = sourcecode.swift; path = ArticleDetailInteractorImpl.swift; sourceTree = "<group>"; };
		9B84A4FE224CC4EA00E747FC /* ArticleDetailPresenterImpl.swift */ = {isa = PBXFileReference; lastKnownFileType = sourcecode.swift; path = ArticleDetailPresenterImpl.swift; sourceTree = "<group>"; };
		9B84A502224CC63C00E747FC /* ArticleDetail.storyboard */ = {isa = PBXFileReference; lastKnownFileType = file.storyboard; path = ArticleDetail.storyboard; sourceTree = "<group>"; };
		9B84A504224CC6A000E747FC /* ArticleDetailCreator.swift */ = {isa = PBXFileReference; lastKnownFileType = sourcecode.swift; path = ArticleDetailCreator.swift; sourceTree = "<group>"; };
		9B966243221ED556008C512D /* BaseCreator.swift */ = {isa = PBXFileReference; lastKnownFileType = sourcecode.swift; path = BaseCreator.swift; sourceTree = "<group>"; };
		9B966246221ED5B7008C512D /* ApplicationNavigator.swift */ = {isa = PBXFileReference; lastKnownFileType = sourcecode.swift; path = ApplicationNavigator.swift; sourceTree = "<group>"; };
		9B9EB5A22251E94A00570C37 /* UISelectionDialog.swift */ = {isa = PBXFileReference; lastKnownFileType = sourcecode.swift; path = UISelectionDialog.swift; sourceTree = "<group>"; };
		9BB5C1FD225F60AB0006A74E /* ru */ = {isa = PBXFileReference; lastKnownFileType = text.plist.strings; name = ru; path = ru.lproj/Localizable.strings; sourceTree = "<group>"; };
		9BB5C1FF225F60B70006A74E /* en */ = {isa = PBXFileReference; lastKnownFileType = text.plist.strings; name = en; path = en.lproj/Localizable.strings; sourceTree = "<group>"; };
		9BB5C201225F6D960006A74E /* Base */ = {isa = PBXFileReference; lastKnownFileType = file.storyboard; name = Base; path = Base.lproj/SearchDialog.storyboard; sourceTree = "<group>"; };
		9BB5C204225F6DA80006A74E /* ru */ = {isa = PBXFileReference; lastKnownFileType = text.plist.strings; name = ru; path = ru.lproj/SearchDialog.strings; sourceTree = "<group>"; };
		9BB5C206225F6E1A0006A74E /* Base */ = {isa = PBXFileReference; lastKnownFileType = file.storyboard; name = Base; path = Base.lproj/SelectionDialog.storyboard; sourceTree = "<group>"; };
		9BB5C209225F6E1D0006A74E /* ru */ = {isa = PBXFileReference; lastKnownFileType = text.plist.strings; name = ru; path = ru.lproj/SelectionDialog.strings; sourceTree = "<group>"; };
		9BB5C20D225F70FB0006A74E /* ru */ = {isa = PBXFileReference; lastKnownFileType = text.plist.strings; name = ru; path = ru.lproj/LaunchScreen.strings; sourceTree = "<group>"; };
		9BEB17F4221C05CE003F8C9A /* EventsApplication.app */ = {isa = PBXFileReference; explicitFileType = wrapper.application; includeInIndex = 0; path = EventsApplication.app; sourceTree = BUILT_PRODUCTS_DIR; };
		9BEB17F7221C05CE003F8C9A /* AppDelegate.swift */ = {isa = PBXFileReference; lastKnownFileType = sourcecode.swift; path = AppDelegate.swift; sourceTree = "<group>"; };
		9BEB17FE221C05CF003F8C9A /* Assets.xcassets */ = {isa = PBXFileReference; lastKnownFileType = folder.assetcatalog; path = Assets.xcassets; sourceTree = "<group>"; };
		9BEB1801221C05CF003F8C9A /* Base */ = {isa = PBXFileReference; lastKnownFileType = file.storyboard; name = Base; path = Base.lproj/LaunchScreen.storyboard; sourceTree = "<group>"; };
		9BEB1803221C05CF003F8C9A /* Info.plist */ = {isa = PBXFileReference; lastKnownFileType = text.plist.xml; path = Info.plist; sourceTree = "<group>"; };
		9BEB1808221C05D0003F8C9A /* EventsApplicationTests.xctest */ = {isa = PBXFileReference; explicitFileType = wrapper.cfbundle; includeInIndex = 0; path = EventsApplicationTests.xctest; sourceTree = BUILT_PRODUCTS_DIR; };
		9BEB180C221C05D0003F8C9A /* EventsApplicationTests.swift */ = {isa = PBXFileReference; lastKnownFileType = sourcecode.swift; path = EventsApplicationTests.swift; sourceTree = "<group>"; };
		9BEB180E221C05D0003F8C9A /* Info.plist */ = {isa = PBXFileReference; lastKnownFileType = text.plist.xml; path = Info.plist; sourceTree = "<group>"; };
		9BEB1813221C05D0003F8C9A /* EventsApplicationUITests.xctest */ = {isa = PBXFileReference; explicitFileType = wrapper.cfbundle; includeInIndex = 0; path = EventsApplicationUITests.xctest; sourceTree = BUILT_PRODUCTS_DIR; };
		9BEB1817221C05D0003F8C9A /* EventsApplicationUITests.swift */ = {isa = PBXFileReference; lastKnownFileType = sourcecode.swift; path = EventsApplicationUITests.swift; sourceTree = "<group>"; };
		9BEB1819221C05D0003F8C9A /* Info.plist */ = {isa = PBXFileReference; lastKnownFileType = text.plist.xml; path = Info.plist; sourceTree = "<group>"; };
		9DE1443A2FDAB8AF65DD72B5 /* Pods-EventsApplication.debug.xcconfig */ = {isa = PBXFileReference; includeInIndex = 1; lastKnownFileType = text.xcconfig; name = "Pods-EventsApplication.debug.xcconfig"; path = "Pods/Target Support Files/Pods-EventsApplication/Pods-EventsApplication.debug.xcconfig"; sourceTree = "<group>"; };
		AC43CD9C8AB5AE50429C62F2 /* Pods-EventsApplicationUITests.debug.xcconfig */ = {isa = PBXFileReference; includeInIndex = 1; lastKnownFileType = text.xcconfig; name = "Pods-EventsApplicationUITests.debug.xcconfig"; path = "Pods/Target Support Files/Pods-EventsApplicationUITests/Pods-EventsApplicationUITests.debug.xcconfig"; sourceTree = "<group>"; };
/* End PBXFileReference section */

/* Begin PBXFrameworksBuildPhase section */
		9BEB17F1221C05CE003F8C9A /* Frameworks */ = {
			isa = PBXFrameworksBuildPhase;
			buildActionMask = 2147483647;
			files = (
				5142D2325929E234439D3E1E /* Pods_EventsApplication.framework in Frameworks */,
			);
			runOnlyForDeploymentPostprocessing = 0;
		};
		9BEB1805221C05D0003F8C9A /* Frameworks */ = {
			isa = PBXFrameworksBuildPhase;
			buildActionMask = 2147483647;
			files = (
			);
			runOnlyForDeploymentPostprocessing = 0;
		};
		9BEB1810221C05D0003F8C9A /* Frameworks */ = {
			isa = PBXFrameworksBuildPhase;
			buildActionMask = 2147483647;
			files = (
				17EEA6E68486C94B3FF50A04 /* Pods_EventsApplicationUITests.framework in Frameworks */,
			);
			runOnlyForDeploymentPostprocessing = 0;
		};
/* End PBXFrameworksBuildPhase section */

/* Begin PBXGroup section */
		1A3F19F5224D1383008B1486 /* Contract */ = {
			isa = PBXGroup;
			children = (
				1A3F19F6224D13AE008B1486 /* ArticleDetailContract.swift */,
			);
			path = Contract;
			sourceTree = "<group>";
		};
		1A3F19FA224D1793008B1486 /* SourceDetail */ = {
			isa = PBXGroup;
			children = (
				1A3F19FF224D17CC008B1486 /* View */,
				1A3F19FE224D17C6008B1486 /* Creator */,
				1A3F19FD224D17BF008B1486 /* Contract */,
				1A3F19FC224D17B7008B1486 /* Presenter */,
				1A3F19FB224D17AD008B1486 /* Interactor */,
			);
			path = SourceDetail;
			sourceTree = "<group>";
		};
		1A3F19FB224D17AD008B1486 /* Interactor */ = {
			isa = PBXGroup;
			children = (
				1A3F1A02224D184A008B1486 /* SourceDetailInteractorImpl.swift */,
			);
			path = Interactor;
			sourceTree = "<group>";
		};
		1A3F19FC224D17B7008B1486 /* Presenter */ = {
			isa = PBXGroup;
			children = (
				1A3F1A04224D1879008B1486 /* SourceDetailPresenterImpl.swift */,
			);
			path = Presenter;
			sourceTree = "<group>";
		};
		1A3F19FD224D17BF008B1486 /* Contract */ = {
			isa = PBXGroup;
			children = (
				1A3F1A00224D17E5008B1486 /* SourceDetailContract.swift */,
			);
			path = Contract;
			sourceTree = "<group>";
		};
		1A3F19FE224D17C6008B1486 /* Creator */ = {
			isa = PBXGroup;
			children = (
				1A3F1A0A224D19D9008B1486 /* SourcesDetailCreator.swift */,
			);
			path = Creator;
			sourceTree = "<group>";
		};
		1A3F19FF224D17CC008B1486 /* View */ = {
			isa = PBXGroup;
			children = (
				1A3F1A08224D19A5008B1486 /* SourcesDetail.storyboard */,
				1A3F1A06224D1943008B1486 /* SourcesDetailViewController.swift */,
			);
			path = View;
			sourceTree = "<group>";
		};
		1A3F1A12224D345F008B1486 /* articleCell */ = {
			isa = PBXGroup;
			children = (
				1A3F1A0C224D1D3A008B1486 /* ArticleCell.xib */,
				1A75A84C224C3BC70033C852 /* ArticleCell.swift */,
			);
			path = articleCell;
			sourceTree = "<group>";
		};
		1A3F1A13224D34DC008B1486 /* sourcesCell */ = {
			isa = PBXGroup;
			children = (
				1A3F1A14224D34F9008B1486 /* SourcesCell.xib */,
				1A3F1A16224D3690008B1486 /* SourcesCell.swift */,
			);
			path = sourcesCell;
			sourceTree = "<group>";
		};
		1A3F1A1A224D410D008B1486 /* emptyView */ = {
			isa = PBXGroup;
			children = (
				1A3F1A1B224D412A008B1486 /* EmptyView.xib */,
				1A3F1A1D224D413B008B1486 /* EmptyView.swift */,
			);
			path = emptyView;
			sourceTree = "<group>";
		};
		1A611C12224AE371008E9D14 /* Models */ = {
			isa = PBXGroup;
			children = (
				1A611C10224AE08B008E9D14 /* Source.swift */,
				1A611C0E224ADFEF008E9D14 /* Articles.swift */,
				1A611C0C224ADFCD008E9D14 /* Json4Swift_Base.swift */,
				1A611C0A224ADF7C008E9D14 /* Sources.swift */,
			);
			path = Models;
			sourceTree = "<group>";
		};
		1A75A84B224C3BA60033C852 /* custom */ = {
			isa = PBXGroup;
			children = (
				9B6FB7BB225B906300439F98 /* UIPicturedScrollView.swift */,
				9B257EDC225DFEC20026C460 /* UIBluredStackView.swift */,
				9B6FB7B4225B75BE00439F98 /* cell */,
				9B9EB59E2251E90F00570C37 /* dialogs */,
				1A3F1A1A224D410D008B1486 /* emptyView */,
				9B5E70F3225F260100363A35 /* Extension.swift */,
			);
			path = custom;
			sourceTree = "<group>";
		};
		1A918BAD22497E7C00D34DCE /* Util */ = {
			isa = PBXGroup;
			children = (
				1A918BAB224971C400D34DCE /* ValueForSelector.swift */,
				1A918BAE22497E8D00D34DCE /* AuthUtil.swift */,
				1A75A84E224C45890033C852 /* DialogHelper.swift */,
				1A69B9C3224F65EA00DD811C /* DateTimeUtil.swift */,
			);
			path = Util;
			sourceTree = "<group>";
		};
		1A918BB12249824E00D34DCE /* application sources */ = {
			isa = PBXGroup;
			children = (
				9BEB1800221C05CF003F8C9A /* LaunchScreen.storyboard */,
				9BEB17FE221C05CF003F8C9A /* Assets.xcassets */,
				9B6FB7B7225B830C00439F98 /* ColorTheme.xcassets */,
				9BB5C1FE225F60AB0006A74E /* Localizable.strings */,
			);
			path = "application sources";
			sourceTree = "<group>";
		};
		9B11D172221ED98900BFEBD4 /* Network */ = {
			isa = PBXGroup;
			children = (
				9B11D177221EDB2500BFEBD4 /* NetworkServiceRx.swift */,
				9B11D178221EDB2500BFEBD4 /* UrlRouter.swift */,
				1AF3B8092226D911004FA784 /* MockNetworkTester.swift */,
				1AF63CBB2226FCD700CB7466 /* to read.swift */,
			);
			path = Network;
			sourceTree = "<group>";
		};
		9B50C461225231B300C720E7 /* searchDialog */ = {
			isa = PBXGroup;
			children = (
				9B50C464225231F100C720E7 /* UISearchDialog.swift */,
				9BB5C202225F6D960006A74E /* SearchDialog.storyboard */,
			);
			path = searchDialog;
			sourceTree = "<group>";
		};
		9B56310E224B61AD005B41A6 /* Headers */ = {
			isa = PBXGroup;
			children = (
				9B563111224B61DE005B41A6 /* View */,
				9B56315D224B7C64005B41A6 /* Creator */,
				9B563113224B61F0005B41A6 /* Contract */,
				9B563114224B61F8005B41A6 /* Presenter */,
				9B563115224B6200005B41A6 /* Interactor */,
			);
			path = Headers;
			sourceTree = "<group>";
		};
		9B56310F224B61BE005B41A6 /* Evertything */ = {
			isa = PBXGroup;
			children = (
				9B563125224B62B4005B41A6 /* View */,
				9B563126224B62B4005B41A6 /* Creator */,
				9B563127224B62B4005B41A6 /* Contract */,
				9B563129224B62B4005B41A6 /* Presenter */,
				9B563128224B62B4005B41A6 /* Interactor */,
			);
			path = Evertything;
			sourceTree = "<group>";
		};
		9B563110224B61CA005B41A6 /* Sources */ = {
			isa = PBXGroup;
			children = (
				9B563118224B624D005B41A6 /* View */,
				9B56311A224B624D005B41A6 /* Creator */,
				9B563116224B624D005B41A6 /* Contract */,
				9B563117224B624D005B41A6 /* Presenter */,
				9B563119224B624D005B41A6 /* Interactor */,
			);
			path = Sources;
			sourceTree = "<group>";
		};
		9B563111224B61DE005B41A6 /* View */ = {
			isa = PBXGroup;
			children = (
				9B56313A224B6CD6005B41A6 /* Headers.storyboard */,
				9B563149224B7435005B41A6 /* HeaderViewController.swift */,
			);
			path = View;
			sourceTree = "<group>";
		};
		9B563113224B61F0005B41A6 /* Contract */ = {
			isa = PBXGroup;
			children = (
				9B56312A224B62FB005B41A6 /* HeaderContract.swift */,
			);
			path = Contract;
			sourceTree = "<group>";
		};
		9B563114224B61F8005B41A6 /* Presenter */ = {
			isa = PBXGroup;
			children = (
				9B56312E224B64B9005B41A6 /* HeaderPresenterImpl.swift */,
			);
			path = Presenter;
			sourceTree = "<group>";
		};
		9B563115224B6200005B41A6 /* Interactor */ = {
			isa = PBXGroup;
			children = (
				9B56314B224B74A3005B41A6 /* HeadersInteractorImpl.swift */,
			);
			path = Interactor;
			sourceTree = "<group>";
		};
		9B563116224B624D005B41A6 /* Contract */ = {
			isa = PBXGroup;
			children = (
				9B563157224B7672005B41A6 /* SourcesContract.swift */,
			);
			path = Contract;
			sourceTree = "<group>";
		};
		9B563117224B624D005B41A6 /* Presenter */ = {
			isa = PBXGroup;
			children = (
				9B563159224B769E005B41A6 /* SourcesPresenterImpl.swift */,
			);
			path = Presenter;
			sourceTree = "<group>";
		};
		9B563118224B624D005B41A6 /* View */ = {
			isa = PBXGroup;
			children = (
				9B56313E224B6D32005B41A6 /* Sources.storyboard */,
				9B563155224B764B005B41A6 /* SourceViewController.swift */,
			);
			path = View;
			sourceTree = "<group>";
		};
		9B563119224B624D005B41A6 /* Interactor */ = {
			isa = PBXGroup;
			children = (
				9B56315B224B76C4005B41A6 /* SourcesInteractorImpl.swift */,
			);
			path = Interactor;
			sourceTree = "<group>";
		};
		9B56311A224B624D005B41A6 /* Creator */ = {
			isa = PBXGroup;
			children = (
				9B563147224B73EE005B41A6 /* SourcesCreator.swift */,
			);
			path = Creator;
			sourceTree = "<group>";
		};
		9B563125224B62B4005B41A6 /* View */ = {
			isa = PBXGroup;
			children = (
				9B56313C224B6D11005B41A6 /* Everything.storyboard */,
				9B56314D224B7512005B41A6 /* EverythingViewController.swift */,
			);
			path = View;
			sourceTree = "<group>";
		};
		9B563126224B62B4005B41A6 /* Creator */ = {
			isa = PBXGroup;
			children = (
				9B563145224B73BA005B41A6 /* EverythingCreator.swift */,
			);
			path = Creator;
			sourceTree = "<group>";
		};
		9B563127224B62B4005B41A6 /* Contract */ = {
			isa = PBXGroup;
			children = (
				9B563151224B75BB005B41A6 /* EverythingContract.swift */,
			);
			path = Contract;
			sourceTree = "<group>";
		};
		9B563128224B62B4005B41A6 /* Interactor */ = {
			isa = PBXGroup;
			children = (
				9B563153224B75F5005B41A6 /* EverythingInteractorImpl.swift */,
			);
			path = Interactor;
			sourceTree = "<group>";
		};
		9B563129224B62B4005B41A6 /* Presenter */ = {
			isa = PBXGroup;
			children = (
				9B56314F224B7579005B41A6 /* EverythingPresenterImpl.swift */,
			);
			path = Presenter;
			sourceTree = "<group>";
		};
		9B56315D224B7C64005B41A6 /* Creator */ = {
			isa = PBXGroup;
			children = (
				9B56315E224B7C95005B41A6 /* HeaderCreator.swift */,
			);
			path = Creator;
			sourceTree = "<group>";
		};
		9B6FB7AD225B2B2B00439F98 /* test */ = {
			isa = PBXGroup;
			children = (
				9B6FB7AE225B2B5D00439F98 /* TestViewController.swift */,
				9B6FB7B0225B2B6900439F98 /* test.storyboard */,
				9B6FB7B2225B2B9800439F98 /* TestViewCreator.swift */,
			);
			path = test;
			sourceTree = "<group>";
		};
		9B6FB7B4225B75BE00439F98 /* cell */ = {
			isa = PBXGroup;
			children = (
				1A3F1A12224D345F008B1486 /* articleCell */,
				1A3F1A13224D34DC008B1486 /* sourcesCell */,
				9B6FB7B5225B75D900439F98 /* BaseCell.swift */,
			);
			path = cell;
			sourceTree = "<group>";
		};
		9B788088224A13AB00F7231A /* Root */ = {
			isa = PBXGroup;
			children = (
				9B788095224A14D300F7231A /* View */,
				9B78808F224A148000F7231A /* Creator */,
				9B788092224A14A300F7231A /* Contract */,
				9B78808C224A143000F7231A /* Presenter */,
				9B788089224A13D500F7231A /* Interactor */,
			);
			path = Root;
			sourceTree = "<group>";
		};
		9B788089224A13D500F7231A /* Interactor */ = {
			isa = PBXGroup;
			children = (
				9B78808A224A13F600F7231A /* RootInteractorImpl.swift */,
			);
			path = Interactor;
			sourceTree = "<group>";
		};
		9B78808C224A143000F7231A /* Presenter */ = {
			isa = PBXGroup;
			children = (
				9B78808D224A144700F7231A /* RootPresenterImpl.swift */,
			);
			path = Presenter;
			sourceTree = "<group>";
		};
		9B78808F224A148000F7231A /* Creator */ = {
			isa = PBXGroup;
			children = (
				9B788090224A149500F7231A /* RootCreator.swift */,
			);
			path = Creator;
			sourceTree = "<group>";
		};
		9B788092224A14A300F7231A /* Contract */ = {
			isa = PBXGroup;
			children = (
				9B788093224A14C600F7231A /* RootContract.swift */,
			);
			path = Contract;
			sourceTree = "<group>";
		};
		9B788095224A14D300F7231A /* View */ = {
			isa = PBXGroup;
			children = (
				9B788096224A14F000F7231A /* RootViewController.swift */,
				9B788098224A151000F7231A /* Root.storyboard */,
			);
			path = View;
			sourceTree = "<group>";
		};
		9B84A4F4224CC36500E747FC /* ArticleDetail */ = {
			isa = PBXGroup;
			children = (
				9B84A4F5224CC37A00E747FC /* View */,
				9B84A4F6224CC38100E747FC /* Creator */,
				1A3F19F5224D1383008B1486 /* Contract */,
				9B84A4F8224CC39200E747FC /* Presenter */,
				9B84A4F9224CC39A00E747FC /* Interactor */,
			);
			path = ArticleDetail;
			sourceTree = "<group>";
		};
		9B84A4F5224CC37A00E747FC /* View */ = {
			isa = PBXGroup;
			children = (
				9B84A502224CC63C00E747FC /* ArticleDetail.storyboard */,
				1A3F19F8224D1695008B1486 /* ArticleDetailViewController.swift */,
			);
			path = View;
			sourceTree = "<group>";
		};
		9B84A4F6224CC38100E747FC /* Creator */ = {
			isa = PBXGroup;
			children = (
				9B84A504224CC6A000E747FC /* ArticleDetailCreator.swift */,
			);
			path = Creator;
			sourceTree = "<group>";
		};
		9B84A4F8224CC39200E747FC /* Presenter */ = {
			isa = PBXGroup;
			children = (
				9B84A4FE224CC4EA00E747FC /* ArticleDetailPresenterImpl.swift */,
			);
			path = Presenter;
			sourceTree = "<group>";
		};
		9B84A4F9224CC39A00E747FC /* Interactor */ = {
			isa = PBXGroup;
			children = (
				9B84A4FC224CC4A400E747FC /* ArticleDetailInteractorImpl.swift */,
			);
			path = Interactor;
			sourceTree = "<group>";
		};
		9B9661EC221E9050008C512D /* Application */ = {
			isa = PBXGroup;
			children = (
				9BEB17F7221C05CE003F8C9A /* AppDelegate.swift */,
			);
			path = Application;
			sourceTree = "<group>";
		};
		9B9661EE221E9227008C512D /* Modules */ = {
			isa = PBXGroup;
			children = (
				9B6FB7AD225B2B2B00439F98 /* test */,
				1A3F19FA224D1793008B1486 /* SourceDetail */,
				9B84A4F4224CC36500E747FC /* ArticleDetail */,
				9B563110224B61CA005B41A6 /* Sources */,
				9B56310F224B61BE005B41A6 /* Evertything */,
				9B56310E224B61AD005B41A6 /* Headers */,
				9B788088224A13AB00F7231A /* Root */,
				9B966242221ED542008C512D /* Base */,
			);
			path = Modules;
			sourceTree = "<group>";
		};
		9B966242221ED542008C512D /* Base */ = {
			isa = PBXGroup;
			children = (
				9B966243221ED556008C512D /* BaseCreator.swift */,
				1A3F1A10224D2B77008B1486 /* BaseArticleController.swift */,
				1A3F1A18224D3827008B1486 /* BaseSourcesViewController.swift */,
				1A3266D92254054D004F35A0 /* RequestKeysProtocol.swift */,
				9B1C2AE4225F37DF002CEF80 /* BaseTableViewController.swift */,
			);
			path = Base;
			sourceTree = "<group>";
		};
		9B966245221ED5AA008C512D /* ApplicationNavigator */ = {
			isa = PBXGroup;
			children = (
				9B966246221ED5B7008C512D /* ApplicationNavigator.swift */,
			);
			path = ApplicationNavigator;
			sourceTree = "<group>";
		};
		9B9EB59E2251E90F00570C37 /* dialogs */ = {
			isa = PBXGroup;
			children = (
				9B50C461225231B300C720E7 /* searchDialog */,
				9B9EB59F2251E92300570C37 /* selectionDialog */,
			);
			path = dialogs;
			sourceTree = "<group>";
		};
		9B9EB59F2251E92300570C37 /* selectionDialog */ = {
			isa = PBXGroup;
			children = (
				9B9EB5A22251E94A00570C37 /* UISelectionDialog.swift */,
				9BB5C207225F6E1A0006A74E /* SelectionDialog.storyboard */,
			);
			path = selectionDialog;
			sourceTree = "<group>";
		};
		9BEB17EB221C05CE003F8C9A = {
			isa = PBXGroup;
			children = (
				9BEB17F6221C05CE003F8C9A /* EventsApplication */,
				9BEB180B221C05D0003F8C9A /* EventsApplicationTests */,
				9BEB1816221C05D0003F8C9A /* EventsApplicationUITests */,
				9BEB17F5221C05CE003F8C9A /* Products */,
				EDD351A1284122E6FE868852 /* Pods */,
				CCCE435C3EEE36FA04F916B5 /* Frameworks */,
			);
			sourceTree = "<group>";
		};
		9BEB17F5221C05CE003F8C9A /* Products */ = {
			isa = PBXGroup;
			children = (
				9BEB17F4221C05CE003F8C9A /* EventsApplication.app */,
				9BEB1808221C05D0003F8C9A /* EventsApplicationTests.xctest */,
				9BEB1813221C05D0003F8C9A /* EventsApplicationUITests.xctest */,
			);
			name = Products;
			sourceTree = "<group>";
		};
		9BEB17F6221C05CE003F8C9A /* EventsApplication */ = {
			isa = PBXGroup;
			children = (
				1A75A84B224C3BA60033C852 /* custom */,
				1A611C12224AE371008E9D14 /* Models */,
				9BEB1803221C05CF003F8C9A /* Info.plist */,
				1A918BB12249824E00D34DCE /* application sources */,
				1A918BAD22497E7C00D34DCE /* Util */,
				9B11D172221ED98900BFEBD4 /* Network */,
				9B966245221ED5AA008C512D /* ApplicationNavigator */,
				9B9661EE221E9227008C512D /* Modules */,
				9B9661EC221E9050008C512D /* Application */,
			);
			path = EventsApplication;
			sourceTree = "<group>";
		};
		9BEB180B221C05D0003F8C9A /* EventsApplicationTests */ = {
			isa = PBXGroup;
			children = (
				9BEB180C221C05D0003F8C9A /* EventsApplicationTests.swift */,
				9BEB180E221C05D0003F8C9A /* Info.plist */,
			);
			path = EventsApplicationTests;
			sourceTree = "<group>";
		};
		9BEB1816221C05D0003F8C9A /* EventsApplicationUITests */ = {
			isa = PBXGroup;
			children = (
				9BEB1817221C05D0003F8C9A /* EventsApplicationUITests.swift */,
				9BEB1819221C05D0003F8C9A /* Info.plist */,
			);
			path = EventsApplicationUITests;
			sourceTree = "<group>";
		};
		CCCE435C3EEE36FA04F916B5 /* Frameworks */ = {
			isa = PBXGroup;
			children = (
				14362051047C402913B017BC /* Pods_EventsApplication.framework */,
				75A050619A96C1E69E44BAFD /* Pods_EventsApplicationUITests.framework */,
			);
			name = Frameworks;
			sourceTree = "<group>";
		};
		EDD351A1284122E6FE868852 /* Pods */ = {
			isa = PBXGroup;
			children = (
				9DE1443A2FDAB8AF65DD72B5 /* Pods-EventsApplication.debug.xcconfig */,
				690FACA11737355C05F058FD /* Pods-EventsApplication.release.xcconfig */,
				AC43CD9C8AB5AE50429C62F2 /* Pods-EventsApplicationUITests.debug.xcconfig */,
				6D4849D14C4D55568CB3C967 /* Pods-EventsApplicationUITests.release.xcconfig */,
			);
			name = Pods;
			sourceTree = "<group>";
		};
/* End PBXGroup section */

/* Begin PBXNativeTarget section */
		9BEB17F3221C05CE003F8C9A /* EventsApplication */ = {
			isa = PBXNativeTarget;
			buildConfigurationList = 9BEB181C221C05D0003F8C9A /* Build configuration list for PBXNativeTarget "EventsApplication" */;
			buildPhases = (
				C1C31A684A58AC172C4332C3 /* [CP] Check Pods Manifest.lock */,
				9BEB17F0221C05CE003F8C9A /* Sources */,
				9BEB17F1221C05CE003F8C9A /* Frameworks */,
				9BEB17F2221C05CE003F8C9A /* Resources */,
				6D181485408A15DF3423A1BE /* [CP] Embed Pods Frameworks */,
			);
			buildRules = (
			);
			dependencies = (
			);
			name = EventsApplication;
			productName = EventsApplication;
			productReference = 9BEB17F4221C05CE003F8C9A /* EventsApplication.app */;
			productType = "com.apple.product-type.application";
		};
		9BEB1807221C05D0003F8C9A /* EventsApplicationTests */ = {
			isa = PBXNativeTarget;
			buildConfigurationList = 9BEB181F221C05D0003F8C9A /* Build configuration list for PBXNativeTarget "EventsApplicationTests" */;
			buildPhases = (
				9BEB1804221C05D0003F8C9A /* Sources */,
				9BEB1805221C05D0003F8C9A /* Frameworks */,
				9BEB1806221C05D0003F8C9A /* Resources */,
			);
			buildRules = (
			);
			dependencies = (
				9BEB180A221C05D0003F8C9A /* PBXTargetDependency */,
			);
			name = EventsApplicationTests;
			productName = EventsApplicationTests;
			productReference = 9BEB1808221C05D0003F8C9A /* EventsApplicationTests.xctest */;
			productType = "com.apple.product-type.bundle.unit-test";
		};
		9BEB1812221C05D0003F8C9A /* EventsApplicationUITests */ = {
			isa = PBXNativeTarget;
			buildConfigurationList = 9BEB1822221C05D0003F8C9A /* Build configuration list for PBXNativeTarget "EventsApplicationUITests" */;
			buildPhases = (
				59C355EFB13885B063D5B618 /* [CP] Check Pods Manifest.lock */,
				9BEB180F221C05D0003F8C9A /* Sources */,
				9BEB1810221C05D0003F8C9A /* Frameworks */,
				9BEB1811221C05D0003F8C9A /* Resources */,
			);
			buildRules = (
			);
			dependencies = (
				9BEB1815221C05D0003F8C9A /* PBXTargetDependency */,
			);
			name = EventsApplicationUITests;
			productName = EventsApplicationUITests;
			productReference = 9BEB1813221C05D0003F8C9A /* EventsApplicationUITests.xctest */;
			productType = "com.apple.product-type.bundle.ui-testing";
		};
/* End PBXNativeTarget section */

/* Begin PBXProject section */
		9BEB17EC221C05CE003F8C9A /* Project object */ = {
			isa = PBXProject;
			attributes = {
				LastSwiftUpdateCheck = 1010;
				LastUpgradeCheck = 1010;
				ORGANIZATIONNAME = ipinguin_linuxoid;
				TargetAttributes = {
					9BEB17F3221C05CE003F8C9A = {
						CreatedOnToolsVersion = 10.1;
					};
					9BEB1807221C05D0003F8C9A = {
						CreatedOnToolsVersion = 10.1;
						TestTargetID = 9BEB17F3221C05CE003F8C9A;
					};
					9BEB1812221C05D0003F8C9A = {
						CreatedOnToolsVersion = 10.1;
						TestTargetID = 9BEB17F3221C05CE003F8C9A;
					};
				};
			};
			buildConfigurationList = 9BEB17EF221C05CE003F8C9A /* Build configuration list for PBXProject "EventsApplication" */;
			compatibilityVersion = "Xcode 9.3";
			developmentRegion = en;
			hasScannedForEncodings = 0;
			knownRegions = (
				en,
				Base,
				ru,
			);
			mainGroup = 9BEB17EB221C05CE003F8C9A;
			productRefGroup = 9BEB17F5221C05CE003F8C9A /* Products */;
			projectDirPath = "";
			projectRoot = "";
			targets = (
				9BEB17F3221C05CE003F8C9A /* EventsApplication */,
				9BEB1807221C05D0003F8C9A /* EventsApplicationTests */,
				9BEB1812221C05D0003F8C9A /* EventsApplicationUITests */,
			);
		};
/* End PBXProject section */

/* Begin PBXResourcesBuildPhase section */
		9BEB17F2221C05CE003F8C9A /* Resources */ = {
			isa = PBXResourcesBuildPhase;
			buildActionMask = 2147483647;
			files = (
				1A3F1A09224D19A5008B1486 /* SourcesDetail.storyboard in Resources */,
				9B6FB7B8225B830C00439F98 /* ColorTheme.xcassets in Resources */,
				1A3F1A15224D34F9008B1486 /* SourcesCell.xib in Resources */,
				9BEB1802221C05CF003F8C9A /* LaunchScreen.storyboard in Resources */,
				9BB5C205225F6E1A0006A74E /* SelectionDialog.storyboard in Resources */,
				9BB5C200225F6D960006A74E /* SearchDialog.storyboard in Resources */,
				9B56313D224B6D11005B41A6 /* Everything.storyboard in Resources */,
				1A3F1A1C224D412A008B1486 /* EmptyView.xib in Resources */,
				9B56313F224B6D32005B41A6 /* Sources.storyboard in Resources */,
				9B788099224A151000F7231A /* Root.storyboard in Resources */,
				9B56313B224B6CD6005B41A6 /* Headers.storyboard in Resources */,
				9B84A503224CC63C00E747FC /* ArticleDetail.storyboard in Resources */,
				1A3F1A0D224D1D3A008B1486 /* ArticleCell.xib in Resources */,
				9BB5C1FC225F60AB0006A74E /* Localizable.strings in Resources */,
				9B6FB7B1225B2B6900439F98 /* test.storyboard in Resources */,
				9BEB17FF221C05CF003F8C9A /* Assets.xcassets in Resources */,
			);
			runOnlyForDeploymentPostprocessing = 0;
		};
		9BEB1806221C05D0003F8C9A /* Resources */ = {
			isa = PBXResourcesBuildPhase;
			buildActionMask = 2147483647;
			files = (
			);
			runOnlyForDeploymentPostprocessing = 0;
		};
		9BEB1811221C05D0003F8C9A /* Resources */ = {
			isa = PBXResourcesBuildPhase;
			buildActionMask = 2147483647;
			files = (
			);
			runOnlyForDeploymentPostprocessing = 0;
		};
/* End PBXResourcesBuildPhase section */

/* Begin PBXShellScriptBuildPhase section */
		59C355EFB13885B063D5B618 /* [CP] Check Pods Manifest.lock */ = {
			isa = PBXShellScriptBuildPhase;
			buildActionMask = 2147483647;
			files = (
			);
			inputFileListPaths = (
			);
			inputPaths = (
				"${PODS_PODFILE_DIR_PATH}/Podfile.lock",
				"${PODS_ROOT}/Manifest.lock",
			);
			name = "[CP] Check Pods Manifest.lock";
			outputFileListPaths = (
			);
			outputPaths = (
				"$(DERIVED_FILE_DIR)/Pods-EventsApplicationUITests-checkManifestLockResult.txt",
			);
			runOnlyForDeploymentPostprocessing = 0;
			shellPath = /bin/sh;
			shellScript = "diff \"${PODS_PODFILE_DIR_PATH}/Podfile.lock\" \"${PODS_ROOT}/Manifest.lock\" > /dev/null\nif [ $? != 0 ] ; then\n    # print error to STDERR\n    echo \"error: The sandbox is not in sync with the Podfile.lock. Run 'pod install' or update your CocoaPods installation.\" >&2\n    exit 1\nfi\n# This output is used by Xcode 'outputs' to avoid re-running this script phase.\necho \"SUCCESS\" > \"${SCRIPT_OUTPUT_FILE_0}\"\n";
			showEnvVarsInLog = 0;
		};
		6D181485408A15DF3423A1BE /* [CP] Embed Pods Frameworks */ = {
			isa = PBXShellScriptBuildPhase;
			buildActionMask = 2147483647;
			files = (
			);
			inputFileListPaths = (
			);
			inputPaths = (
				"${SRCROOT}/Pods/Target Support Files/Pods-EventsApplication/Pods-EventsApplication-frameworks.sh",
				"${BUILT_PRODUCTS_DIR}/Alamofire/Alamofire.framework",
				"${BUILT_PRODUCTS_DIR}/RxAtomic/RxAtomic.framework",
				"${BUILT_PRODUCTS_DIR}/RxCocoa/RxCocoa.framework",
				"${BUILT_PRODUCTS_DIR}/RxSwift/RxSwift.framework",
			);
			name = "[CP] Embed Pods Frameworks";
			outputFileListPaths = (
			);
			outputPaths = (
				"${TARGET_BUILD_DIR}/${FRAMEWORKS_FOLDER_PATH}/Alamofire.framework",
				"${TARGET_BUILD_DIR}/${FRAMEWORKS_FOLDER_PATH}/RxAtomic.framework",
				"${TARGET_BUILD_DIR}/${FRAMEWORKS_FOLDER_PATH}/RxCocoa.framework",
				"${TARGET_BUILD_DIR}/${FRAMEWORKS_FOLDER_PATH}/RxSwift.framework",
			);
			runOnlyForDeploymentPostprocessing = 0;
			shellPath = /bin/sh;
			shellScript = "\"${SRCROOT}/Pods/Target Support Files/Pods-EventsApplication/Pods-EventsApplication-frameworks.sh\"\n";
			showEnvVarsInLog = 0;
		};
		C1C31A684A58AC172C4332C3 /* [CP] Check Pods Manifest.lock */ = {
			isa = PBXShellScriptBuildPhase;
			buildActionMask = 2147483647;
			files = (
			);
			inputFileListPaths = (
			);
			inputPaths = (
				"${PODS_PODFILE_DIR_PATH}/Podfile.lock",
				"${PODS_ROOT}/Manifest.lock",
			);
			name = "[CP] Check Pods Manifest.lock";
			outputFileListPaths = (
			);
			outputPaths = (
				"$(DERIVED_FILE_DIR)/Pods-EventsApplication-checkManifestLockResult.txt",
			);
			runOnlyForDeploymentPostprocessing = 0;
			shellPath = /bin/sh;
			shellScript = "diff \"${PODS_PODFILE_DIR_PATH}/Podfile.lock\" \"${PODS_ROOT}/Manifest.lock\" > /dev/null\nif [ $? != 0 ] ; then\n    # print error to STDERR\n    echo \"error: The sandbox is not in sync with the Podfile.lock. Run 'pod install' or update your CocoaPods installation.\" >&2\n    exit 1\nfi\n# This output is used by Xcode 'outputs' to avoid re-running this script phase.\necho \"SUCCESS\" > \"${SCRIPT_OUTPUT_FILE_0}\"\n";
			showEnvVarsInLog = 0;
		};
/* End PBXShellScriptBuildPhase section */

/* Begin PBXSourcesBuildPhase section */
		9BEB17F0221C05CE003F8C9A /* Sources */ = {
			isa = PBXSourcesBuildPhase;
			buildActionMask = 2147483647;
			files = (
				1A3F1A0B224D19D9008B1486 /* SourcesDetailCreator.swift in Sources */,
				9B966247221ED5B7008C512D /* ApplicationNavigator.swift in Sources */,
				9B563154224B75F5005B41A6 /* EverythingInteractorImpl.swift in Sources */,
				9B6FB7AF225B2B5D00439F98 /* TestViewController.swift in Sources */,
				1A3F1A05224D1879008B1486 /* SourceDetailPresenterImpl.swift in Sources */,
				9B6FB7B6225B75D900439F98 /* BaseCell.swift in Sources */,
				1A69B9C4224F65EA00DD811C /* DateTimeUtil.swift in Sources */,
				1A3F19F7224D13AE008B1486 /* ArticleDetailContract.swift in Sources */,
				9B50C465225231F100C720E7 /* UISearchDialog.swift in Sources */,
				9B966244221ED556008C512D /* BaseCreator.swift in Sources */,
				1A3F1A07224D1943008B1486 /* SourcesDetailViewController.swift in Sources */,
				9B563146224B73BA005B41A6 /* EverythingCreator.swift in Sources */,
				9B9EB5A32251E94A00570C37 /* UISelectionDialog.swift in Sources */,
				9B78808B224A13F600F7231A /* RootInteractorImpl.swift in Sources */,
				1A3F1A1E224D413B008B1486 /* EmptyView.swift in Sources */,
				9B56315A224B769E005B41A6 /* SourcesPresenterImpl.swift in Sources */,
				1A611C0D224ADFCD008E9D14 /* Json4Swift_Base.swift in Sources */,
				9B563150224B7579005B41A6 /* EverythingPresenterImpl.swift in Sources */,
				9B6FB7B3225B2B9800439F98 /* TestViewCreator.swift in Sources */,
				9B563148224B73EE005B41A6 /* SourcesCreator.swift in Sources */,
				9B563156224B764B005B41A6 /* SourceViewController.swift in Sources */,
				9B6FB7BC225B906300439F98 /* UIPicturedScrollView.swift in Sources */,
				1A918BAC224971C400D34DCE /* ValueForSelector.swift in Sources */,
				9B788091224A149500F7231A /* RootCreator.swift in Sources */,
				9B257EDD225DFEC20026C460 /* UIBluredStackView.swift in Sources */,
				9B563152224B75BB005B41A6 /* EverythingContract.swift in Sources */,
				1A3F1A03224D184A008B1486 /* SourceDetailInteractorImpl.swift in Sources */,
				9B788097224A14F000F7231A /* RootViewController.swift in Sources */,
				9B56314A224B7435005B41A6 /* HeaderViewController.swift in Sources */,
				9B563158224B7672005B41A6 /* SourcesContract.swift in Sources */,
				1A75A84D224C3BC70033C852 /* ArticleCell.swift in Sources */,
				9B56315C224B76C4005B41A6 /* SourcesInteractorImpl.swift in Sources */,
				9B84A4FF224CC4EA00E747FC /* ArticleDetailPresenterImpl.swift in Sources */,
				1A3F1A17224D3690008B1486 /* SourcesCell.swift in Sources */,
				9B5E70F4225F260100363A35 /* Extension.swift in Sources */,
				1A3266DA2254054D004F35A0 /* RequestKeysProtocol.swift in Sources */,
				9B788094224A14C600F7231A /* RootContract.swift in Sources */,
				9B84A505224CC6A000E747FC /* ArticleDetailCreator.swift in Sources */,
				9B56312F224B64B9005B41A6 /* HeaderPresenterImpl.swift in Sources */,
				9B56314E224B7512005B41A6 /* EverythingViewController.swift in Sources */,
				9B56314C224B74A3005B41A6 /* HeadersInteractorImpl.swift in Sources */,
				1A3F1A19224D3827008B1486 /* BaseSourcesViewController.swift in Sources */,
				9B1C2AE5225F37DF002CEF80 /* BaseTableViewController.swift in Sources */,
				9B78808E224A144700F7231A /* RootPresenterImpl.swift in Sources */,
				9BEB17F8221C05CE003F8C9A /* AppDelegate.swift in Sources */,
				9B56315F224B7C95005B41A6 /* HeaderCreator.swift in Sources */,
				9B11D179221EDB2500BFEBD4 /* NetworkServiceRx.swift in Sources */,
				1A3F1A01224D17E5008B1486 /* SourceDetailContract.swift in Sources */,
				9B11D17A221EDB2500BFEBD4 /* UrlRouter.swift in Sources */,
				1AF3B80A2226D911004FA784 /* MockNetworkTester.swift in Sources */,
				1A611C11224AE08B008E9D14 /* Source.swift in Sources */,
				1A611C0B224ADF7C008E9D14 /* Sources.swift in Sources */,
				9B84A4FD224CC4A400E747FC /* ArticleDetailInteractorImpl.swift in Sources */,
				1A918BAF22497E8D00D34DCE /* AuthUtil.swift in Sources */,
				1A611C0F224ADFEF008E9D14 /* Articles.swift in Sources */,
				1A75A84F224C45890033C852 /* DialogHelper.swift in Sources */,
				9B56312B224B62FB005B41A6 /* HeaderContract.swift in Sources */,
				1AF63CBC2226FCD700CB7466 /* to read.swift in Sources */,
				1A3F1A11224D2B77008B1486 /* BaseArticleController.swift in Sources */,
				1A3F19F9224D1695008B1486 /* ArticleDetailViewController.swift in Sources */,
			);
			runOnlyForDeploymentPostprocessing = 0;
		};
		9BEB1804221C05D0003F8C9A /* Sources */ = {
			isa = PBXSourcesBuildPhase;
			buildActionMask = 2147483647;
			files = (
				9BEB180D221C05D0003F8C9A /* EventsApplicationTests.swift in Sources */,
			);
			runOnlyForDeploymentPostprocessing = 0;
		};
		9BEB180F221C05D0003F8C9A /* Sources */ = {
			isa = PBXSourcesBuildPhase;
			buildActionMask = 2147483647;
			files = (
				9BEB1818221C05D0003F8C9A /* EventsApplicationUITests.swift in Sources */,
			);
			runOnlyForDeploymentPostprocessing = 0;
		};
/* End PBXSourcesBuildPhase section */

/* Begin PBXTargetDependency section */
		9BEB180A221C05D0003F8C9A /* PBXTargetDependency */ = {
			isa = PBXTargetDependency;
			target = 9BEB17F3221C05CE003F8C9A /* EventsApplication */;
			targetProxy = 9BEB1809221C05D0003F8C9A /* PBXContainerItemProxy */;
		};
		9BEB1815221C05D0003F8C9A /* PBXTargetDependency */ = {
			isa = PBXTargetDependency;
			target = 9BEB17F3221C05CE003F8C9A /* EventsApplication */;
			targetProxy = 9BEB1814221C05D0003F8C9A /* PBXContainerItemProxy */;
		};
/* End PBXTargetDependency section */

/* Begin PBXVariantGroup section */
		9BB5C1FE225F60AB0006A74E /* Localizable.strings */ = {
			isa = PBXVariantGroup;
			children = (
				9BB5C1FD225F60AB0006A74E /* ru */,
				9BB5C1FF225F60B70006A74E /* en */,
			);
			name = Localizable.strings;
			sourceTree = "<group>";
		};
		9BB5C202225F6D960006A74E /* SearchDialog.storyboard */ = {
			isa = PBXVariantGroup;
			children = (
				9BB5C201225F6D960006A74E /* Base */,
				9BB5C204225F6DA80006A74E /* ru */,
			);
			name = SearchDialog.storyboard;
			sourceTree = "<group>";
		};
		9BB5C207225F6E1A0006A74E /* SelectionDialog.storyboard */ = {
			isa = PBXVariantGroup;
			children = (
				9BB5C206225F6E1A0006A74E /* Base */,
				9BB5C209225F6E1D0006A74E /* ru */,
			);
			name = SelectionDialog.storyboard;
			sourceTree = "<group>";
		};
		9BEB1800221C05CF003F8C9A /* LaunchScreen.storyboard */ = {
			isa = PBXVariantGroup;
			children = (
				9BEB1801221C05CF003F8C9A /* Base */,
				9BB5C20D225F70FB0006A74E /* ru */,
			);
			name = LaunchScreen.storyboard;
			sourceTree = "<group>";
		};
/* End PBXVariantGroup section */

/* Begin XCBuildConfiguration section */
		9BEB181A221C05D0003F8C9A /* Debug */ = {
			isa = XCBuildConfiguration;
			buildSettings = {
				ALWAYS_SEARCH_USER_PATHS = NO;
				CLANG_ANALYZER_LOCALIZABILITY_NONLOCALIZED = YES;
				CLANG_ANALYZER_NONNULL = YES;
				CLANG_ANALYZER_NUMBER_OBJECT_CONVERSION = YES_AGGRESSIVE;
				CLANG_CXX_LANGUAGE_STANDARD = "gnu++14";
				CLANG_CXX_LIBRARY = "libc++";
				CLANG_ENABLE_MODULES = YES;
				CLANG_ENABLE_OBJC_ARC = YES;
				CLANG_ENABLE_OBJC_WEAK = YES;
				CLANG_WARN_BLOCK_CAPTURE_AUTORELEASING = YES;
				CLANG_WARN_BOOL_CONVERSION = YES;
				CLANG_WARN_COMMA = YES;
				CLANG_WARN_CONSTANT_CONVERSION = YES;
				CLANG_WARN_DEPRECATED_OBJC_IMPLEMENTATIONS = YES;
				CLANG_WARN_DIRECT_OBJC_ISA_USAGE = YES_ERROR;
				CLANG_WARN_DOCUMENTATION_COMMENTS = YES;
				CLANG_WARN_EMPTY_BODY = YES;
				CLANG_WARN_ENUM_CONVERSION = YES;
				CLANG_WARN_INFINITE_RECURSION = YES;
				CLANG_WARN_INT_CONVERSION = YES;
				CLANG_WARN_NON_LITERAL_NULL_CONVERSION = YES;
				CLANG_WARN_OBJC_IMPLICIT_RETAIN_SELF = YES;
				CLANG_WARN_OBJC_LITERAL_CONVERSION = YES;
				CLANG_WARN_OBJC_ROOT_CLASS = YES_ERROR;
				CLANG_WARN_RANGE_LOOP_ANALYSIS = YES;
				CLANG_WARN_STRICT_PROTOTYPES = YES;
				CLANG_WARN_SUSPICIOUS_MOVE = YES;
				CLANG_WARN_UNGUARDED_AVAILABILITY = YES_AGGRESSIVE;
				CLANG_WARN_UNREACHABLE_CODE = YES;
				CLANG_WARN__DUPLICATE_METHOD_MATCH = YES;
				CODE_SIGN_IDENTITY = "iPhone Developer";
				COPY_PHASE_STRIP = NO;
				DEBUG_INFORMATION_FORMAT = dwarf;
				ENABLE_STRICT_OBJC_MSGSEND = YES;
				ENABLE_TESTABILITY = YES;
				GCC_C_LANGUAGE_STANDARD = gnu11;
				GCC_DYNAMIC_NO_PIC = NO;
				GCC_NO_COMMON_BLOCKS = YES;
				GCC_OPTIMIZATION_LEVEL = 0;
				GCC_PREPROCESSOR_DEFINITIONS = (
					"DEBUG=1",
					"$(inherited)",
				);
				GCC_WARN_64_TO_32_BIT_CONVERSION = YES;
				GCC_WARN_ABOUT_RETURN_TYPE = YES_ERROR;
				GCC_WARN_UNDECLARED_SELECTOR = YES;
				GCC_WARN_UNINITIALIZED_AUTOS = YES_AGGRESSIVE;
				GCC_WARN_UNUSED_FUNCTION = YES;
				GCC_WARN_UNUSED_VARIABLE = YES;
				IPHONEOS_DEPLOYMENT_TARGET = 12.1;
				MTL_ENABLE_DEBUG_INFO = INCLUDE_SOURCE;
				MTL_FAST_MATH = YES;
				ONLY_ACTIVE_ARCH = YES;
				SDKROOT = iphoneos;
				SWIFT_ACTIVE_COMPILATION_CONDITIONS = DEBUG;
				SWIFT_OPTIMIZATION_LEVEL = "-Onone";
			};
			name = Debug;
		};
		9BEB181B221C05D0003F8C9A /* Release */ = {
			isa = XCBuildConfiguration;
			buildSettings = {
				ALWAYS_SEARCH_USER_PATHS = NO;
				CLANG_ANALYZER_LOCALIZABILITY_NONLOCALIZED = YES;
				CLANG_ANALYZER_NONNULL = YES;
				CLANG_ANALYZER_NUMBER_OBJECT_CONVERSION = YES_AGGRESSIVE;
				CLANG_CXX_LANGUAGE_STANDARD = "gnu++14";
				CLANG_CXX_LIBRARY = "libc++";
				CLANG_ENABLE_MODULES = YES;
				CLANG_ENABLE_OBJC_ARC = YES;
				CLANG_ENABLE_OBJC_WEAK = YES;
				CLANG_WARN_BLOCK_CAPTURE_AUTORELEASING = YES;
				CLANG_WARN_BOOL_CONVERSION = YES;
				CLANG_WARN_COMMA = YES;
				CLANG_WARN_CONSTANT_CONVERSION = YES;
				CLANG_WARN_DEPRECATED_OBJC_IMPLEMENTATIONS = YES;
				CLANG_WARN_DIRECT_OBJC_ISA_USAGE = YES_ERROR;
				CLANG_WARN_DOCUMENTATION_COMMENTS = YES;
				CLANG_WARN_EMPTY_BODY = YES;
				CLANG_WARN_ENUM_CONVERSION = YES;
				CLANG_WARN_INFINITE_RECURSION = YES;
				CLANG_WARN_INT_CONVERSION = YES;
				CLANG_WARN_NON_LITERAL_NULL_CONVERSION = YES;
				CLANG_WARN_OBJC_IMPLICIT_RETAIN_SELF = YES;
				CLANG_WARN_OBJC_LITERAL_CONVERSION = YES;
				CLANG_WARN_OBJC_ROOT_CLASS = YES_ERROR;
				CLANG_WARN_RANGE_LOOP_ANALYSIS = YES;
				CLANG_WARN_STRICT_PROTOTYPES = YES;
				CLANG_WARN_SUSPICIOUS_MOVE = YES;
				CLANG_WARN_UNGUARDED_AVAILABILITY = YES_AGGRESSIVE;
				CLANG_WARN_UNREACHABLE_CODE = YES;
				CLANG_WARN__DUPLICATE_METHOD_MATCH = YES;
				CODE_SIGN_IDENTITY = "iPhone Developer";
				COPY_PHASE_STRIP = NO;
				DEBUG_INFORMATION_FORMAT = "dwarf-with-dsym";
				ENABLE_NS_ASSERTIONS = NO;
				ENABLE_STRICT_OBJC_MSGSEND = YES;
				GCC_C_LANGUAGE_STANDARD = gnu11;
				GCC_NO_COMMON_BLOCKS = YES;
				GCC_WARN_64_TO_32_BIT_CONVERSION = YES;
				GCC_WARN_ABOUT_RETURN_TYPE = YES_ERROR;
				GCC_WARN_UNDECLARED_SELECTOR = YES;
				GCC_WARN_UNINITIALIZED_AUTOS = YES_AGGRESSIVE;
				GCC_WARN_UNUSED_FUNCTION = YES;
				GCC_WARN_UNUSED_VARIABLE = YES;
				IPHONEOS_DEPLOYMENT_TARGET = 12.1;
				MTL_ENABLE_DEBUG_INFO = NO;
				MTL_FAST_MATH = YES;
				SDKROOT = iphoneos;
				SWIFT_COMPILATION_MODE = wholemodule;
				SWIFT_OPTIMIZATION_LEVEL = "-O";
				VALIDATE_PRODUCT = YES;
			};
			name = Release;
		};
		9BEB181D221C05D0003F8C9A /* Debug */ = {
			isa = XCBuildConfiguration;
			baseConfigurationReference = 9DE1443A2FDAB8AF65DD72B5 /* Pods-EventsApplication.debug.xcconfig */;
			buildSettings = {
				ASSETCATALOG_COMPILER_APPICON_NAME = AppIcon;
				CODE_SIGN_STYLE = Automatic;
				DEVELOPMENT_TEAM = 5M2X2PH6A7;
				INFOPLIST_FILE = EventsApplication/Info.plist;
				LD_RUNPATH_SEARCH_PATHS = (
					"$(inherited)",
					"@executable_path/Frameworks",
				);
				PRODUCT_BUNDLE_IDENTIFIER = "com.ipinguin-linuxoid.EventsApplication";
				PRODUCT_NAME = "$(TARGET_NAME)";
				SWIFT_VERSION = 4.2;
				TARGETED_DEVICE_FAMILY = "1,2";
			};
			name = Debug;
		};
		9BEB181E221C05D0003F8C9A /* Release */ = {
			isa = XCBuildConfiguration;
			baseConfigurationReference = 690FACA11737355C05F058FD /* Pods-EventsApplication.release.xcconfig */;
			buildSettings = {
				ASSETCATALOG_COMPILER_APPICON_NAME = AppIcon;
				CODE_SIGN_STYLE = Automatic;
				DEVELOPMENT_TEAM = 5M2X2PH6A7;
				INFOPLIST_FILE = EventsApplication/Info.plist;
				LD_RUNPATH_SEARCH_PATHS = (
					"$(inherited)",
					"@executable_path/Frameworks",
				);
				PRODUCT_BUNDLE_IDENTIFIER = "com.ipinguin-linuxoid.EventsApplication";
				PRODUCT_NAME = "$(TARGET_NAME)";
				SWIFT_VERSION = 4.2;
				TARGETED_DEVICE_FAMILY = "1,2";
			};
			name = Release;
		};
		9BEB1820221C05D0003F8C9A /* Debug */ = {
			isa = XCBuildConfiguration;
			buildSettings = {
				ALWAYS_EMBED_SWIFT_STANDARD_LIBRARIES = YES;
				BUNDLE_LOADER = "$(TEST_HOST)";
				CODE_SIGN_STYLE = Automatic;
				DEVELOPMENT_TEAM = 5M2X2PH6A7;
				INFOPLIST_FILE = EventsApplicationTests/Info.plist;
				LD_RUNPATH_SEARCH_PATHS = (
					"$(inherited)",
					"@executable_path/Frameworks",
					"@loader_path/Frameworks",
				);
				PRODUCT_BUNDLE_IDENTIFIER = "com.ipinguin-linuxoid.EventsApplicationTests";
				PRODUCT_NAME = "$(TARGET_NAME)";
				SWIFT_VERSION = 4.2;
				TARGETED_DEVICE_FAMILY = "1,2";
				TEST_HOST = "$(BUILT_PRODUCTS_DIR)/EventsApplication.app/EventsApplication";
			};
			name = Debug;
		};
		9BEB1821221C05D0003F8C9A /* Release */ = {
			isa = XCBuildConfiguration;
			buildSettings = {
				ALWAYS_EMBED_SWIFT_STANDARD_LIBRARIES = YES;
				BUNDLE_LOADER = "$(TEST_HOST)";
				CODE_SIGN_STYLE = Automatic;
				DEVELOPMENT_TEAM = 5M2X2PH6A7;
				INFOPLIST_FILE = EventsApplicationTests/Info.plist;
				LD_RUNPATH_SEARCH_PATHS = (
					"$(inherited)",
					"@executable_path/Frameworks",
					"@loader_path/Frameworks",
				);
				PRODUCT_BUNDLE_IDENTIFIER = "com.ipinguin-linuxoid.EventsApplicationTests";
				PRODUCT_NAME = "$(TARGET_NAME)";
				SWIFT_VERSION = 4.2;
				TARGETED_DEVICE_FAMILY = "1,2";
				TEST_HOST = "$(BUILT_PRODUCTS_DIR)/EventsApplication.app/EventsApplication";
			};
			name = Release;
		};
		9BEB1823221C05D0003F8C9A /* Debug */ = {
			isa = XCBuildConfiguration;
			baseConfigurationReference = AC43CD9C8AB5AE50429C62F2 /* Pods-EventsApplicationUITests.debug.xcconfig */;
			buildSettings = {
				ALWAYS_EMBED_SWIFT_STANDARD_LIBRARIES = YES;
				CODE_SIGN_STYLE = Automatic;
				DEVELOPMENT_TEAM = 5M2X2PH6A7;
				INFOPLIST_FILE = EventsApplicationUITests/Info.plist;
				LD_RUNPATH_SEARCH_PATHS = (
					"$(inherited)",
					"@executable_path/Frameworks",
					"@loader_path/Frameworks",
				);
				PRODUCT_BUNDLE_IDENTIFIER = "com.ipinguin-linuxoid.EventsApplicationUITests";
				PRODUCT_NAME = "$(TARGET_NAME)";
				SWIFT_VERSION = 4.2;
				TARGETED_DEVICE_FAMILY = "1,2";
				TEST_TARGET_NAME = EventsApplication;
			};
			name = Debug;
		};
		9BEB1824221C05D0003F8C9A /* Release */ = {
			isa = XCBuildConfiguration;
			baseConfigurationReference = 6D4849D14C4D55568CB3C967 /* Pods-EventsApplicationUITests.release.xcconfig */;
			buildSettings = {
				ALWAYS_EMBED_SWIFT_STANDARD_LIBRARIES = YES;
				CODE_SIGN_STYLE = Automatic;
				DEVELOPMENT_TEAM = 5M2X2PH6A7;
				INFOPLIST_FILE = EventsApplicationUITests/Info.plist;
				LD_RUNPATH_SEARCH_PATHS = (
					"$(inherited)",
					"@executable_path/Frameworks",
					"@loader_path/Frameworks",
				);
				PRODUCT_BUNDLE_IDENTIFIER = "com.ipinguin-linuxoid.EventsApplicationUITests";
				PRODUCT_NAME = "$(TARGET_NAME)";
				SWIFT_VERSION = 4.2;
				TARGETED_DEVICE_FAMILY = "1,2";
				TEST_TARGET_NAME = EventsApplication;
			};
			name = Release;
		};
/* End XCBuildConfiguration section */

/* Begin XCConfigurationList section */
		9BEB17EF221C05CE003F8C9A /* Build configuration list for PBXProject "EventsApplication" */ = {
			isa = XCConfigurationList;
			buildConfigurations = (
				9BEB181A221C05D0003F8C9A /* Debug */,
				9BEB181B221C05D0003F8C9A /* Release */,
			);
			defaultConfigurationIsVisible = 0;
			defaultConfigurationName = Release;
		};
		9BEB181C221C05D0003F8C9A /* Build configuration list for PBXNativeTarget "EventsApplication" */ = {
			isa = XCConfigurationList;
			buildConfigurations = (
				9BEB181D221C05D0003F8C9A /* Debug */,
				9BEB181E221C05D0003F8C9A /* Release */,
			);
			defaultConfigurationIsVisible = 0;
			defaultConfigurationName = Release;
		};
		9BEB181F221C05D0003F8C9A /* Build configuration list for PBXNativeTarget "EventsApplicationTests" */ = {
			isa = XCConfigurationList;
			buildConfigurations = (
				9BEB1820221C05D0003F8C9A /* Debug */,
				9BEB1821221C05D0003F8C9A /* Release */,
			);
			defaultConfigurationIsVisible = 0;
			defaultConfigurationName = Release;
		};
		9BEB1822221C05D0003F8C9A /* Build configuration list for PBXNativeTarget "EventsApplicationUITests" */ = {
			isa = XCConfigurationList;
			buildConfigurations = (
				9BEB1823221C05D0003F8C9A /* Debug */,
				9BEB1824221C05D0003F8C9A /* Release */,
			);
			defaultConfigurationIsVisible = 0;
			defaultConfigurationName = Release;
		};
/* End XCConfigurationList section */
	};
	rootObject = 9BEB17EC221C05CE003F8C9A /* Project object */;
}
